// !$*UTF8*$!
{
	archiveVersion = 1;
	classes = {
	};
	objectVersion = 46;
	objects = {

/* Begin PBXBuildFile section */
		EE90F6A31BA2D3DE002C93E3 /* CatchUpModel.xcdatamodeld in Sources */ = {isa = PBXBuildFile; fileRef = EE90F6A11BA2D3DE002C93E3 /* CatchUpModel.xcdatamodeld */; };
		EE90F6A81BA2D844002C93E3 /* CatchUpEvent.m in Sources */ = {isa = PBXBuildFile; fileRef = EE90F6A51BA2D844002C93E3 /* CatchUpEvent.m */; };
		EE90F6A91BA2D844002C93E3 /* CatchUpOwner.m in Sources */ = {isa = PBXBuildFile; fileRef = EE90F6A71BA2D844002C93E3 /* CatchUpOwner.m */; };
		EE90F6AC1BA2D952002C93E3 /* CatchUpOwner+ContextOpt.m in Sources */ = {isa = PBXBuildFile; fileRef = EE90F6AB1BA2D952002C93E3 /* CatchUpOwner+ContextOpt.m */; };
		EE90F6AF1BA2DD1E002C93E3 /* CatchUpModel.m in Sources */ = {isa = PBXBuildFile; fileRef = EE90F6AE1BA2DD1E002C93E3 /* CatchUpModel.m */; };
		EE9F5B891B9D38F600504355 /* main.m in Sources */ = {isa = PBXBuildFile; fileRef = EE9F5B881B9D38F600504355 /* main.m */; };
		EE9F5B8C1B9D38F600504355 /* AppDelegate.m in Sources */ = {isa = PBXBuildFile; fileRef = EE9F5B8B1B9D38F600504355 /* AppDelegate.m */; };
		EE9F5B921B9D38F600504355 /* ViewController.m in Sources */ = {isa = PBXBuildFile; fileRef = EE9F5B911B9D38F600504355 /* ViewController.m */; };
		EE9F5B951B9D38F600504355 /* Main.storyboard in Resources */ = {isa = PBXBuildFile; fileRef = EE9F5B931B9D38F600504355 /* Main.storyboard */; };
		EE9F5B971B9D38F600504355 /* Images.xcassets in Resources */ = {isa = PBXBuildFile; fileRef = EE9F5B961B9D38F600504355 /* Images.xcassets */; };
		EE9F5B9A1B9D38F600504355 /* LaunchScreen.xib in Resources */ = {isa = PBXBuildFile; fileRef = EE9F5B981B9D38F600504355 /* LaunchScreen.xib */; };
		EE9F5BA61B9D38F600504355 /* handsupTests.m in Sources */ = {isa = PBXBuildFile; fileRef = EE9F5BA51B9D38F600504355 /* handsupTests.m */; };
		EE9F5BB91B9D3D7500504355 /* Localizable.strings in Resources */ = {isa = PBXBuildFile; fileRef = EE9F5BB71B9D3D7200504355 /* Localizable.strings */; };
		EE9F5BBD1B9D3D9000504355 /* InfoPlist.strings in Resources */ = {isa = PBXBuildFile; fileRef = EE9F5BBF1B9D3D9000504355 /* InfoPlist.strings */; };
		EEAD44DA1B9D45E8000E5EE0 /* HandsUpApp.mobileprovision in Resources */ = {isa = PBXBuildFile; fileRef = EEAD44D91B9D45E8000E5EE0 /* HandsUpApp.mobileprovision */; };
		EEAD45611B9D47E5000E5EE0 /* INTUAnimationEngine.m in Sources */ = {isa = PBXBuildFile; fileRef = EEAD45581B9D47E5000E5EE0 /* INTUAnimationEngine.m */; };
		EEAD45621B9D47E5000E5EE0 /* INTUEasingFunctions.m in Sources */ = {isa = PBXBuildFile; fileRef = EEAD455A1B9D47E5000E5EE0 /* INTUEasingFunctions.m */; };
		EEAD45631B9D47E5000E5EE0 /* INTUInterpolationFunctions.m in Sources */ = {isa = PBXBuildFile; fileRef = EEAD455C1B9D47E5000E5EE0 /* INTUInterpolationFunctions.m */; };
		EEAD45641B9D47E5000E5EE0 /* INTUSpringSolver.c in Sources */ = {isa = PBXBuildFile; fileRef = EEAD455E1B9D47E5000E5EE0 /* INTUSpringSolver.c */; };
		EEAD45681B9D47EA000E5EE0 /* RemoteInstance.m in Sources */ = {isa = PBXBuildFile; fileRef = EEAD45671B9D47EA000E5EE0 /* RemoteInstance.m */; };
		EEAD45721B9D47F0000E5EE0 /* Reachability.m in Sources */ = {isa = PBXBuildFile; fileRef = EEAD456E1B9D47F0000E5EE0 /* Reachability.m */; };
		EEAD45731B9D47F0000E5EE0 /* TmpFileStorageModel.m in Sources */ = {isa = PBXBuildFile; fileRef = EEAD45711B9D47F0000E5EE0 /* TmpFileStorageModel.m */; };
		EEAD45951B9D4807000E5EE0 /* BWStatusBarOverlay.m in Sources */ = {isa = PBXBuildFile; fileRef = EEAD45831B9D4807000E5EE0 /* BWStatusBarOverlay.m */; };
		EEAD45961B9D4807000E5EE0 /* status-bar-pattern-black.jpg in Resources */ = {isa = PBXBuildFile; fileRef = EEAD45841B9D4807000E5EE0 /* status-bar-pattern-black.jpg */; };
		EEAD45971B9D4807000E5EE0 /* status-bar-pattern-black@2x.jpg in Resources */ = {isa = PBXBuildFile; fileRef = EEAD45851B9D4807000E5EE0 /* status-bar-pattern-black@2x.jpg */; };
		EEAD45981B9D4807000E5EE0 /* status-bar-pattern-default.jpg in Resources */ = {isa = PBXBuildFile; fileRef = EEAD45861B9D4807000E5EE0 /* status-bar-pattern-default.jpg */; };
		EEAD45991B9D4807000E5EE0 /* status-bar-pattern-default@2x.jpg in Resources */ = {isa = PBXBuildFile; fileRef = EEAD45871B9D4807000E5EE0 /* status-bar-pattern-default@2x.jpg */; };
		EEAD459A1B9D4807000E5EE0 /* status-bar-progress.png in Resources */ = {isa = PBXBuildFile; fileRef = EEAD45881B9D4807000E5EE0 /* status-bar-progress.png */; };
		EEAD459B1B9D4807000E5EE0 /* status-bar-progress@2x.png in Resources */ = {isa = PBXBuildFile; fileRef = EEAD45891B9D4807000E5EE0 /* status-bar-progress@2x.png */; };
		EEAD459C1B9D4807000E5EE0 /* SGActionView.m in Sources */ = {isa = PBXBuildFile; fileRef = EEAD458C1B9D4807000E5EE0 /* SGActionView.m */; };
		EEAD459D1B9D4807000E5EE0 /* SGAlertMenu.m in Sources */ = {isa = PBXBuildFile; fileRef = EEAD458E1B9D4807000E5EE0 /* SGAlertMenu.m */; };
		EEAD459E1B9D4807000E5EE0 /* SGBaseMenu.m in Sources */ = {isa = PBXBuildFile; fileRef = EEAD45901B9D4807000E5EE0 /* SGBaseMenu.m */; };
		EEAD459F1B9D4807000E5EE0 /* SGGridMenu.m in Sources */ = {isa = PBXBuildFile; fileRef = EEAD45921B9D4807000E5EE0 /* SGGridMenu.m */; };
		EEAD45A01B9D4807000E5EE0 /* SGSheetMenu.m in Sources */ = {isa = PBXBuildFile; fileRef = EEAD45941B9D4807000E5EE0 /* SGSheetMenu.m */; };
		EEAD45A41B9D4B9F000E5EE0 /* HandsUpSegue.m in Sources */ = {isa = PBXBuildFile; fileRef = EEAD45A31B9D4B9F000E5EE0 /* HandsUpSegue.m */; };
		EEAD45AD1B9D5F6B000E5EE0 /* CatchUpSegue.m in Sources */ = {isa = PBXBuildFile; fileRef = EEAD45AC1B9D5F6B000E5EE0 /* CatchUpSegue.m */; };
		EEAD45B31B9D72B1000E5EE0 /* InfoSegue.m in Sources */ = {isa = PBXBuildFile; fileRef = EEAD45B21B9D72B1000E5EE0 /* InfoSegue.m */; };
		EEB667EE1BA273E700C37B29 /* HandsUpModel.xcdatamodeld in Sources */ = {isa = PBXBuildFile; fileRef = EEB667EC1BA273E700C37B29 /* HandsUpModel.xcdatamodeld */; };
		EEB667F11BA2754E00C37B29 /* HandsUpOwner.m in Sources */ = {isa = PBXBuildFile; fileRef = EEB667F01BA2754E00C37B29 /* HandsUpOwner.m */; };
		EEB667F41BA2754F00C37B29 /* HandsUpEvent.m in Sources */ = {isa = PBXBuildFile; fileRef = EEB667F31BA2754F00C37B29 /* HandsUpEvent.m */; };
		EEB667F71BA2766200C37B29 /* HandsUpModel.m in Sources */ = {isa = PBXBuildFile; fileRef = EEB667F61BA2766200C37B29 /* HandsUpModel.m */; };
		EEB667FA1BA278C700C37B29 /* HandsUpOwner+ContextOpt.m in Sources */ = {isa = PBXBuildFile; fileRef = EEB667F91BA278C700C37B29 /* HandsUpOwner+ContextOpt.m */; };
		EEBF1DDE1B9EA98E00E3951C /* HandsUpBoundle.bundle in Resources */ = {isa = PBXBuildFile; fileRef = EEBF1DDD1B9EA98D00E3951C /* HandsUpBoundle.bundle */; };
		EEBF1DE21B9EBB4B00E3951C /* HandsUpTitleView.m in Sources */ = {isa = PBXBuildFile; fileRef = EEBF1DE11B9EBB4B00E3951C /* HandsUpTitleView.m */; };
		EEBF1DE41B9EBB5A00E3951C /* HandsUpTitleView.xib in Resources */ = {isa = PBXBuildFile; fileRef = EEBF1DE31B9EBB5A00E3951C /* HandsUpTitleView.xib */; };
		EEBF1DEA1B9EE64D00E3951C /* CatchUpView.m in Sources */ = {isa = PBXBuildFile; fileRef = EEBF1DE91B9EE64D00E3951C /* CatchUpView.m */; };
		EEBF1DEC1B9EE65900E3951C /* CatchUpView.xib in Resources */ = {isa = PBXBuildFile; fileRef = EEBF1DEB1B9EE65900E3951C /* CatchUpView.xib */; };
		EEBF1DF61B9F149D00E3951C /* CatchUpController.m in Sources */ = {isa = PBXBuildFile; fileRef = EEBF1DEF1B9F149D00E3951C /* CatchUpController.m */; };
		EEBF1DF71B9F149D00E3951C /* HandsUpController.m in Sources */ = {isa = PBXBuildFile; fileRef = EEBF1DF21B9F149D00E3951C /* HandsUpController.m */; };
		EEBF1DF81B9F149D00E3951C /* InfoStationController.m in Sources */ = {isa = PBXBuildFile; fileRef = EEBF1DF51B9F149D00E3951C /* InfoStationController.m */; };
		EEBF1DFC1B9F14D000E3951C /* InfoStationView.m in Sources */ = {isa = PBXBuildFile; fileRef = EEBF1DFB1B9F14D000E3951C /* InfoStationView.m */; };
		EEBF1DFE1B9F14E100E3951C /* InfoStationView.xib in Resources */ = {isa = PBXBuildFile; fileRef = EEBF1DFD1B9F14E100E3951C /* InfoStationView.xib */; };
		EEBF1E011B9F162800E3951C /* InfoStationMySchool.m in Sources */ = {isa = PBXBuildFile; fileRef = EEBF1E001B9F162800E3951C /* InfoStationMySchool.m */; };
		EEBF1E041B9F171D00E3951C /* InfoStationSearchSchool.m in Sources */ = {isa = PBXBuildFile; fileRef = EEBF1E031B9F171D00E3951C /* InfoStationSearchSchool.m */; };
		EEC9B4CE1B9E8489006806ED /* MainViewController.m in Sources */ = {isa = PBXBuildFile; fileRef = EEC9B4CD1B9E8489006806ED /* MainViewController.m */; };
		EEDC04701B9FE34200600366 /* HandsUpCreateController.m in Sources */ = {isa = PBXBuildFile; fileRef = EEDC046F1B9FE34200600366 /* HandsUpCreateController.m */; };
		EEDC04741B9FEBA400600366 /* LoginController.m in Sources */ = {isa = PBXBuildFile; fileRef = EEDC04731B9FEBA400600366 /* LoginController.m */; };
		EEDC04761B9FEBB600600366 /* Login.storyboard in Resources */ = {isa = PBXBuildFile; fileRef = EEDC04751B9FEBB600600366 /* Login.storyboard */; };
		EEDC047B1B9FEE8400600366 /* LoginModel.xcdatamodeld in Sources */ = {isa = PBXBuildFile; fileRef = EEDC04791B9FEE8400600366 /* LoginModel.xcdatamodeld */; };
		EEDC04861B9FF21100600366 /* LoginToken.m in Sources */ = {isa = PBXBuildFile; fileRef = EEDC047D1B9FF21100600366 /* LoginToken.m */; };
		EEDC04871B9FF21100600366 /* Profile.m in Sources */ = {isa = PBXBuildFile; fileRef = EEDC047F1B9FF21100600366 /* Profile.m */; };
		EEDC04881B9FF21100600366 /* Course.m in Sources */ = {isa = PBXBuildFile; fileRef = EEDC04811B9FF21100600366 /* Course.m */; };
		EEDC04891B9FF21100600366 /* SNSConnection.m in Sources */ = {isa = PBXBuildFile; fileRef = EEDC04831B9FF21100600366 /* SNSConnection.m */; };
		EEDC048A1B9FF21100600366 /* CurrentToken.m in Sources */ = {isa = PBXBuildFile; fileRef = EEDC04851B9FF21100600366 /* CurrentToken.m */; };
		EEDC048F1B9FF83200600366 /* LoginModel.m in Sources */ = {isa = PBXBuildFile; fileRef = EEDC048E1B9FF83200600366 /* LoginModel.m */; };
		EEDC049D1B9FFB1F00600366 /* libWeiboSDK.a in Frameworks */ = {isa = PBXBuildFile; fileRef = EEDC04911B9FFB1F00600366 /* libWeiboSDK.a */; };
		EEDC049E1B9FFB1F00600366 /* WeiboSDK.bundle in Resources */ = {isa = PBXBuildFile; fileRef = EEDC049A1B9FFB1F00600366 /* WeiboSDK.bundle */; };
		EEDC04A01B9FFC5800600366 /* QuartzCore.framework in Frameworks */ = {isa = PBXBuildFile; fileRef = EEDC049F1B9FFC5800600366 /* QuartzCore.framework */; };
		EEDC04A21B9FFC6500600366 /* ImageIO.framework in Frameworks */ = {isa = PBXBuildFile; fileRef = EEDC04A11B9FFC6500600366 /* ImageIO.framework */; };
		EEDC04A41B9FFC7400600366 /* SystemConfiguration.framework in Frameworks */ = {isa = PBXBuildFile; fileRef = EEDC04A31B9FFC7400600366 /* SystemConfiguration.framework */; };
		EEDC04A61B9FFC7F00600366 /* Security.framework in Frameworks */ = {isa = PBXBuildFile; fileRef = EEDC04A51B9FFC7F00600366 /* Security.framework */; };
		EEDC04A81B9FFC8D00600366 /* CoreTelephony.framework in Frameworks */ = {isa = PBXBuildFile; fileRef = EEDC04A71B9FFC8D00600366 /* CoreTelephony.framework */; };
		EEDC04AA1B9FFC9600600366 /* CoreText.framework in Frameworks */ = {isa = PBXBuildFile; fileRef = EEDC04A91B9FFC9600600366 /* CoreText.framework */; };
		EEDC04AC1B9FFCA200600366 /* UIKit.framework in Frameworks */ = {isa = PBXBuildFile; fileRef = EEDC04AB1B9FFCA200600366 /* UIKit.framework */; };
		EEDC04AE1B9FFCB300600366 /* Foundation.framework in Frameworks */ = {isa = PBXBuildFile; fileRef = EEDC04AD1B9FFCB300600366 /* Foundation.framework */; };
		EEDC04B01B9FFCBA00600366 /* CoreGraphics.framework in Frameworks */ = {isa = PBXBuildFile; fileRef = EEDC04AF1B9FFCBA00600366 /* CoreGraphics.framework */; };
		EEDC04B21B9FFCC500600366 /* libz.dylib in Frameworks */ = {isa = PBXBuildFile; fileRef = EEDC04B11B9FFCC500600366 /* libz.dylib */; };
		EEDC04B41B9FFCD300600366 /* libsqlite3.dylib in Frameworks */ = {isa = PBXBuildFile; fileRef = EEDC04B31B9FFCD200600366 /* libsqlite3.dylib */; };
		EEDC04B81BA0062600600366 /* CurrentToken+ContextOpt.m in Sources */ = {isa = PBXBuildFile; fileRef = EEDC04B71BA0062600600366 /* CurrentToken+ContextOpt.m */; };
/* End PBXBuildFile section */

/* Begin PBXContainerItemProxy section */
		EE9F5BA01B9D38F600504355 /* PBXContainerItemProxy */ = {
			isa = PBXContainerItemProxy;
			containerPortal = EE9F5B7B1B9D38F600504355 /* Project object */;
			proxyType = 1;
			remoteGlobalIDString = EE9F5B821B9D38F600504355;
			remoteInfo = handsup;
		};
/* End PBXContainerItemProxy section */

/* Begin PBXFileReference section */
		EE90F6A21BA2D3DE002C93E3 /* CatchUpModel.xcdatamodel */ = {isa = PBXFileReference; lastKnownFileType = wrapper.xcdatamodel; path = CatchUpModel.xcdatamodel; sourceTree = "<group>"; };
		EE90F6A41BA2D844002C93E3 /* CatchUpEvent.h */ = {isa = PBXFileReference; fileEncoding = 4; lastKnownFileType = sourcecode.c.h; path = CatchUpEvent.h; sourceTree = "<group>"; };
		EE90F6A51BA2D844002C93E3 /* CatchUpEvent.m */ = {isa = PBXFileReference; fileEncoding = 4; lastKnownFileType = sourcecode.c.objc; path = CatchUpEvent.m; sourceTree = "<group>"; };
		EE90F6A61BA2D844002C93E3 /* CatchUpOwner.h */ = {isa = PBXFileReference; fileEncoding = 4; lastKnownFileType = sourcecode.c.h; path = CatchUpOwner.h; sourceTree = "<group>"; };
		EE90F6A71BA2D844002C93E3 /* CatchUpOwner.m */ = {isa = PBXFileReference; fileEncoding = 4; lastKnownFileType = sourcecode.c.objc; path = CatchUpOwner.m; sourceTree = "<group>"; };
		EE90F6AA1BA2D952002C93E3 /* CatchUpOwner+ContextOpt.h */ = {isa = PBXFileReference; fileEncoding = 4; lastKnownFileType = sourcecode.c.h; path = "CatchUpOwner+ContextOpt.h"; sourceTree = "<group>"; };
		EE90F6AB1BA2D952002C93E3 /* CatchUpOwner+ContextOpt.m */ = {isa = PBXFileReference; fileEncoding = 4; lastKnownFileType = sourcecode.c.objc; path = "CatchUpOwner+ContextOpt.m"; sourceTree = "<group>"; };
		EE90F6AD1BA2DD1E002C93E3 /* CatchUpModel.h */ = {isa = PBXFileReference; fileEncoding = 4; lastKnownFileType = sourcecode.c.h; path = CatchUpModel.h; sourceTree = "<group>"; };
		EE90F6AE1BA2DD1E002C93E3 /* CatchUpModel.m */ = {isa = PBXFileReference; fileEncoding = 4; lastKnownFileType = sourcecode.c.objc; path = CatchUpModel.m; sourceTree = "<group>"; };
		EE9F5B831B9D38F600504355 /* handsup.app */ = {isa = PBXFileReference; explicitFileType = wrapper.application; includeInIndex = 0; path = handsup.app; sourceTree = BUILT_PRODUCTS_DIR; };
		EE9F5B871B9D38F600504355 /* Info.plist */ = {isa = PBXFileReference; lastKnownFileType = text.plist.xml; path = Info.plist; sourceTree = "<group>"; };
		EE9F5B881B9D38F600504355 /* main.m */ = {isa = PBXFileReference; lastKnownFileType = sourcecode.c.objc; path = main.m; sourceTree = "<group>"; };
		EE9F5B8A1B9D38F600504355 /* AppDelegate.h */ = {isa = PBXFileReference; lastKnownFileType = sourcecode.c.h; path = AppDelegate.h; sourceTree = "<group>"; };
		EE9F5B8B1B9D38F600504355 /* AppDelegate.m */ = {isa = PBXFileReference; lastKnownFileType = sourcecode.c.objc; path = AppDelegate.m; sourceTree = "<group>"; };
		EE9F5B901B9D38F600504355 /* ViewController.h */ = {isa = PBXFileReference; lastKnownFileType = sourcecode.c.h; path = ViewController.h; sourceTree = "<group>"; };
		EE9F5B911B9D38F600504355 /* ViewController.m */ = {isa = PBXFileReference; lastKnownFileType = sourcecode.c.objc; path = ViewController.m; sourceTree = "<group>"; };
		EE9F5B941B9D38F600504355 /* Base */ = {isa = PBXFileReference; lastKnownFileType = file.storyboard; name = Base; path = Base.lproj/Main.storyboard; sourceTree = "<group>"; };
		EE9F5B961B9D38F600504355 /* Images.xcassets */ = {isa = PBXFileReference; lastKnownFileType = folder.assetcatalog; path = Images.xcassets; sourceTree = "<group>"; };
		EE9F5B991B9D38F600504355 /* Base */ = {isa = PBXFileReference; lastKnownFileType = file.xib; name = Base; path = Base.lproj/LaunchScreen.xib; sourceTree = "<group>"; };
		EE9F5B9F1B9D38F600504355 /* handsupTests.xctest */ = {isa = PBXFileReference; explicitFileType = wrapper.cfbundle; includeInIndex = 0; path = handsupTests.xctest; sourceTree = BUILT_PRODUCTS_DIR; };
		EE9F5BA41B9D38F600504355 /* Info.plist */ = {isa = PBXFileReference; lastKnownFileType = text.plist.xml; path = Info.plist; sourceTree = "<group>"; };
		EE9F5BA51B9D38F600504355 /* handsupTests.m */ = {isa = PBXFileReference; lastKnownFileType = sourcecode.c.objc; path = handsupTests.m; sourceTree = "<group>"; };
		EE9F5BB11B9D3D1800504355 /* zh-Hans */ = {isa = PBXFileReference; lastKnownFileType = text.plist.strings; name = "zh-Hans"; path = "zh-Hans.lproj/Main.strings"; sourceTree = "<group>"; };
		EE9F5BB21B9D3D1800504355 /* zh-Hans */ = {isa = PBXFileReference; lastKnownFileType = text.plist.strings; name = "zh-Hans"; path = "zh-Hans.lproj/LaunchScreen.strings"; sourceTree = "<group>"; };
		EE9F5BB61B9D3D7200504355 /* Base */ = {isa = PBXFileReference; lastKnownFileType = text.plist.strings; name = Base; path = Base.lproj/Localizable.strings; sourceTree = "<group>"; };
		EE9F5BBA1B9D3D7500504355 /* zh-Hans */ = {isa = PBXFileReference; lastKnownFileType = text.plist.strings; name = "zh-Hans"; path = "zh-Hans.lproj/Localizable.strings"; sourceTree = "<group>"; };
		EE9F5BBE1B9D3D9000504355 /* Base */ = {isa = PBXFileReference; lastKnownFileType = text.plist.strings; name = Base; path = Base.lproj/InfoPlist.strings; sourceTree = "<group>"; };
		EE9F5BC01B9D3D9100504355 /* zh-Hans */ = {isa = PBXFileReference; lastKnownFileType = text.plist.strings; name = "zh-Hans"; path = "zh-Hans.lproj/InfoPlist.strings"; sourceTree = "<group>"; };
		EEAD44D91B9D45E8000E5EE0 /* HandsUpApp.mobileprovision */ = {isa = PBXFileReference; lastKnownFileType = file; path = HandsUpApp.mobileprovision; sourceTree = "<group>"; };
		EEAD45571B9D47E5000E5EE0 /* INTUAnimationEngine.h */ = {isa = PBXFileReference; fileEncoding = 4; lastKnownFileType = sourcecode.c.h; path = INTUAnimationEngine.h; sourceTree = "<group>"; };
		EEAD45581B9D47E5000E5EE0 /* INTUAnimationEngine.m */ = {isa = PBXFileReference; fileEncoding = 4; lastKnownFileType = sourcecode.c.objc; path = INTUAnimationEngine.m; sourceTree = "<group>"; };
		EEAD45591B9D47E5000E5EE0 /* INTUEasingFunctions.h */ = {isa = PBXFileReference; fileEncoding = 4; lastKnownFileType = sourcecode.c.h; path = INTUEasingFunctions.h; sourceTree = "<group>"; };
		EEAD455A1B9D47E5000E5EE0 /* INTUEasingFunctions.m */ = {isa = PBXFileReference; fileEncoding = 4; lastKnownFileType = sourcecode.c.objc; path = INTUEasingFunctions.m; sourceTree = "<group>"; };
		EEAD455B1B9D47E5000E5EE0 /* INTUInterpolationFunctions.h */ = {isa = PBXFileReference; fileEncoding = 4; lastKnownFileType = sourcecode.c.h; path = INTUInterpolationFunctions.h; sourceTree = "<group>"; };
		EEAD455C1B9D47E5000E5EE0 /* INTUInterpolationFunctions.m */ = {isa = PBXFileReference; fileEncoding = 4; lastKnownFileType = sourcecode.c.objc; path = INTUInterpolationFunctions.m; sourceTree = "<group>"; };
		EEAD455E1B9D47E5000E5EE0 /* INTUSpringSolver.c */ = {isa = PBXFileReference; fileEncoding = 4; lastKnownFileType = sourcecode.c.c; path = INTUSpringSolver.c; sourceTree = "<group>"; };
		EEAD455F1B9D47E5000E5EE0 /* INTUSpringSolver.h */ = {isa = PBXFileReference; fileEncoding = 4; lastKnownFileType = sourcecode.c.h; path = INTUSpringSolver.h; sourceTree = "<group>"; };
		EEAD45601B9D47E5000E5EE0 /* INTUVector.h */ = {isa = PBXFileReference; fileEncoding = 4; lastKnownFileType = sourcecode.c.h; path = INTUVector.h; sourceTree = "<group>"; };
		EEAD45661B9D47EA000E5EE0 /* RemoteInstance.h */ = {isa = PBXFileReference; fileEncoding = 4; lastKnownFileType = sourcecode.c.h; path = RemoteInstance.h; sourceTree = "<group>"; };
		EEAD45671B9D47EA000E5EE0 /* RemoteInstance.m */ = {isa = PBXFileReference; fileEncoding = 4; lastKnownFileType = sourcecode.c.objc; path = RemoteInstance.m; sourceTree = "<group>"; };
		EEAD456B1B9D47F0000E5EE0 /* ModelDefines.h */ = {isa = PBXFileReference; fileEncoding = 4; lastKnownFileType = sourcecode.c.h; path = ModelDefines.h; sourceTree = "<group>"; };
		EEAD456D1B9D47F0000E5EE0 /* Reachability.h */ = {isa = PBXFileReference; fileEncoding = 4; lastKnownFileType = sourcecode.c.h; path = Reachability.h; sourceTree = "<group>"; };
		EEAD456E1B9D47F0000E5EE0 /* Reachability.m */ = {isa = PBXFileReference; fileEncoding = 4; lastKnownFileType = sourcecode.c.objc; path = Reachability.m; sourceTree = "<group>"; };
		EEAD45701B9D47F0000E5EE0 /* TmpFileStorageModel.h */ = {isa = PBXFileReference; fileEncoding = 4; lastKnownFileType = sourcecode.c.h; path = TmpFileStorageModel.h; sourceTree = "<group>"; };
		EEAD45711B9D47F0000E5EE0 /* TmpFileStorageModel.m */ = {isa = PBXFileReference; fileEncoding = 4; lastKnownFileType = sourcecode.c.objc; path = TmpFileStorageModel.m; sourceTree = "<group>"; };
		EEAD45821B9D4807000E5EE0 /* BWStatusBarOverlay.h */ = {isa = PBXFileReference; fileEncoding = 4; lastKnownFileType = sourcecode.c.h; path = BWStatusBarOverlay.h; sourceTree = "<group>"; };
		EEAD45831B9D4807000E5EE0 /* BWStatusBarOverlay.m */ = {isa = PBXFileReference; fileEncoding = 4; lastKnownFileType = sourcecode.c.objc; path = BWStatusBarOverlay.m; sourceTree = "<group>"; };
		EEAD45841B9D4807000E5EE0 /* status-bar-pattern-black.jpg */ = {isa = PBXFileReference; lastKnownFileType = image.jpeg; path = "status-bar-pattern-black.jpg"; sourceTree = "<group>"; };
		EEAD45851B9D4807000E5EE0 /* status-bar-pattern-black@2x.jpg */ = {isa = PBXFileReference; lastKnownFileType = image.jpeg; path = "status-bar-pattern-black@2x.jpg"; sourceTree = "<group>"; };
		EEAD45861B9D4807000E5EE0 /* status-bar-pattern-default.jpg */ = {isa = PBXFileReference; lastKnownFileType = image.jpeg; path = "status-bar-pattern-default.jpg"; sourceTree = "<group>"; };
		EEAD45871B9D4807000E5EE0 /* status-bar-pattern-default@2x.jpg */ = {isa = PBXFileReference; lastKnownFileType = image.jpeg; path = "status-bar-pattern-default@2x.jpg"; sourceTree = "<group>"; };
		EEAD45881B9D4807000E5EE0 /* status-bar-progress.png */ = {isa = PBXFileReference; lastKnownFileType = image.png; path = "status-bar-progress.png"; sourceTree = "<group>"; };
		EEAD45891B9D4807000E5EE0 /* status-bar-progress@2x.png */ = {isa = PBXFileReference; lastKnownFileType = image.png; path = "status-bar-progress@2x.png"; sourceTree = "<group>"; };
		EEAD458B1B9D4807000E5EE0 /* SGActionView.h */ = {isa = PBXFileReference; fileEncoding = 4; lastKnownFileType = sourcecode.c.h; path = SGActionView.h; sourceTree = "<group>"; };
		EEAD458C1B9D4807000E5EE0 /* SGActionView.m */ = {isa = PBXFileReference; fileEncoding = 4; lastKnownFileType = sourcecode.c.objc; path = SGActionView.m; sourceTree = "<group>"; };
		EEAD458D1B9D4807000E5EE0 /* SGAlertMenu.h */ = {isa = PBXFileReference; fileEncoding = 4; lastKnownFileType = sourcecode.c.h; path = SGAlertMenu.h; sourceTree = "<group>"; };
		EEAD458E1B9D4807000E5EE0 /* SGAlertMenu.m */ = {isa = PBXFileReference; fileEncoding = 4; lastKnownFileType = sourcecode.c.objc; path = SGAlertMenu.m; sourceTree = "<group>"; };
		EEAD458F1B9D4807000E5EE0 /* SGBaseMenu.h */ = {isa = PBXFileReference; fileEncoding = 4; lastKnownFileType = sourcecode.c.h; path = SGBaseMenu.h; sourceTree = "<group>"; };
		EEAD45901B9D4807000E5EE0 /* SGBaseMenu.m */ = {isa = PBXFileReference; fileEncoding = 4; lastKnownFileType = sourcecode.c.objc; path = SGBaseMenu.m; sourceTree = "<group>"; };
		EEAD45911B9D4807000E5EE0 /* SGGridMenu.h */ = {isa = PBXFileReference; fileEncoding = 4; lastKnownFileType = sourcecode.c.h; path = SGGridMenu.h; sourceTree = "<group>"; };
		EEAD45921B9D4807000E5EE0 /* SGGridMenu.m */ = {isa = PBXFileReference; fileEncoding = 4; lastKnownFileType = sourcecode.c.objc; path = SGGridMenu.m; sourceTree = "<group>"; };
		EEAD45931B9D4807000E5EE0 /* SGSheetMenu.h */ = {isa = PBXFileReference; fileEncoding = 4; lastKnownFileType = sourcecode.c.h; path = SGSheetMenu.h; sourceTree = "<group>"; };
		EEAD45941B9D4807000E5EE0 /* SGSheetMenu.m */ = {isa = PBXFileReference; fileEncoding = 4; lastKnownFileType = sourcecode.c.objc; path = SGSheetMenu.m; sourceTree = "<group>"; };
		EEAD45A21B9D4B9F000E5EE0 /* HandsUpSegue.h */ = {isa = PBXFileReference; fileEncoding = 4; lastKnownFileType = sourcecode.c.h; path = HandsUpSegue.h; sourceTree = "<group>"; };
		EEAD45A31B9D4B9F000E5EE0 /* HandsUpSegue.m */ = {isa = PBXFileReference; fileEncoding = 4; lastKnownFileType = sourcecode.c.objc; path = HandsUpSegue.m; sourceTree = "<group>"; };
		EEAD45AB1B9D5F6B000E5EE0 /* CatchUpSegue.h */ = {isa = PBXFileReference; fileEncoding = 4; lastKnownFileType = sourcecode.c.h; path = CatchUpSegue.h; sourceTree = "<group>"; };
		EEAD45AC1B9D5F6B000E5EE0 /* CatchUpSegue.m */ = {isa = PBXFileReference; fileEncoding = 4; lastKnownFileType = sourcecode.c.objc; path = CatchUpSegue.m; sourceTree = "<group>"; };
		EEAD45B11B9D72B1000E5EE0 /* InfoSegue.h */ = {isa = PBXFileReference; fileEncoding = 4; lastKnownFileType = sourcecode.c.h; path = InfoSegue.h; sourceTree = "<group>"; };
		EEAD45B21B9D72B1000E5EE0 /* InfoSegue.m */ = {isa = PBXFileReference; fileEncoding = 4; lastKnownFileType = sourcecode.c.objc; path = InfoSegue.m; sourceTree = "<group>"; };
		EEB667ED1BA273E700C37B29 /* HandsUpModel.xcdatamodel */ = {isa = PBXFileReference; lastKnownFileType = wrapper.xcdatamodel; path = HandsUpModel.xcdatamodel; sourceTree = "<group>"; };
		EEB667EF1BA2754E00C37B29 /* HandsUpOwner.h */ = {isa = PBXFileReference; fileEncoding = 4; lastKnownFileType = sourcecode.c.h; path = HandsUpOwner.h; sourceTree = "<group>"; };
		EEB667F01BA2754E00C37B29 /* HandsUpOwner.m */ = {isa = PBXFileReference; fileEncoding = 4; lastKnownFileType = sourcecode.c.objc; path = HandsUpOwner.m; sourceTree = "<group>"; };
		EEB667F21BA2754F00C37B29 /* HandsUpEvent.h */ = {isa = PBXFileReference; fileEncoding = 4; lastKnownFileType = sourcecode.c.h; path = HandsUpEvent.h; sourceTree = "<group>"; };
		EEB667F31BA2754F00C37B29 /* HandsUpEvent.m */ = {isa = PBXFileReference; fileEncoding = 4; lastKnownFileType = sourcecode.c.objc; path = HandsUpEvent.m; sourceTree = "<group>"; };
		EEB667F51BA2766200C37B29 /* HandsUpModel.h */ = {isa = PBXFileReference; fileEncoding = 4; lastKnownFileType = sourcecode.c.h; path = HandsUpModel.h; sourceTree = "<group>"; };
		EEB667F61BA2766200C37B29 /* HandsUpModel.m */ = {isa = PBXFileReference; fileEncoding = 4; lastKnownFileType = sourcecode.c.objc; path = HandsUpModel.m; sourceTree = "<group>"; };
		EEB667F81BA278C700C37B29 /* HandsUpOwner+ContextOpt.h */ = {isa = PBXFileReference; fileEncoding = 4; lastKnownFileType = sourcecode.c.h; path = "HandsUpOwner+ContextOpt.h"; sourceTree = "<group>"; };
		EEB667F91BA278C700C37B29 /* HandsUpOwner+ContextOpt.m */ = {isa = PBXFileReference; fileEncoding = 4; lastKnownFileType = sourcecode.c.objc; path = "HandsUpOwner+ContextOpt.m"; sourceTree = "<group>"; };
		EEBF1DDD1B9EA98D00E3951C /* HandsUpBoundle.bundle */ = {isa = PBXFileReference; lastKnownFileType = "wrapper.plug-in"; path = HandsUpBoundle.bundle; sourceTree = "<group>"; };
		EEBF1DE01B9EBB4B00E3951C /* HandsUpTitleView.h */ = {isa = PBXFileReference; fileEncoding = 4; lastKnownFileType = sourcecode.c.h; path = HandsUpTitleView.h; sourceTree = "<group>"; };
		EEBF1DE11B9EBB4B00E3951C /* HandsUpTitleView.m */ = {isa = PBXFileReference; fileEncoding = 4; lastKnownFileType = sourcecode.c.objc; path = HandsUpTitleView.m; sourceTree = "<group>"; };
		EEBF1DE31B9EBB5A00E3951C /* HandsUpTitleView.xib */ = {isa = PBXFileReference; fileEncoding = 4; lastKnownFileType = file.xib; path = HandsUpTitleView.xib; sourceTree = "<group>"; };
		EEBF1DE81B9EE64D00E3951C /* CatchUpView.h */ = {isa = PBXFileReference; fileEncoding = 4; lastKnownFileType = sourcecode.c.h; path = CatchUpView.h; sourceTree = "<group>"; };
		EEBF1DE91B9EE64D00E3951C /* CatchUpView.m */ = {isa = PBXFileReference; fileEncoding = 4; lastKnownFileType = sourcecode.c.objc; path = CatchUpView.m; sourceTree = "<group>"; };
		EEBF1DEB1B9EE65900E3951C /* CatchUpView.xib */ = {isa = PBXFileReference; fileEncoding = 4; lastKnownFileType = file.xib; path = CatchUpView.xib; sourceTree = "<group>"; };
		EEBF1DEE1B9F149D00E3951C /* CatchUpController.h */ = {isa = PBXFileReference; fileEncoding = 4; lastKnownFileType = sourcecode.c.h; path = CatchUpController.h; sourceTree = "<group>"; };
		EEBF1DEF1B9F149D00E3951C /* CatchUpController.m */ = {isa = PBXFileReference; fileEncoding = 4; lastKnownFileType = sourcecode.c.objc; path = CatchUpController.m; sourceTree = "<group>"; };
		EEBF1DF11B9F149D00E3951C /* HandsUpController.h */ = {isa = PBXFileReference; fileEncoding = 4; lastKnownFileType = sourcecode.c.h; path = HandsUpController.h; sourceTree = "<group>"; };
		EEBF1DF21B9F149D00E3951C /* HandsUpController.m */ = {isa = PBXFileReference; fileEncoding = 4; lastKnownFileType = sourcecode.c.objc; path = HandsUpController.m; sourceTree = "<group>"; };
		EEBF1DF41B9F149D00E3951C /* InfoStationController.h */ = {isa = PBXFileReference; fileEncoding = 4; lastKnownFileType = sourcecode.c.h; path = InfoStationController.h; sourceTree = "<group>"; };
		EEBF1DF51B9F149D00E3951C /* InfoStationController.m */ = {isa = PBXFileReference; fileEncoding = 4; lastKnownFileType = sourcecode.c.objc; path = InfoStationController.m; sourceTree = "<group>"; };
		EEBF1DFA1B9F14D000E3951C /* InfoStationView.h */ = {isa = PBXFileReference; fileEncoding = 4; lastKnownFileType = sourcecode.c.h; path = InfoStationView.h; sourceTree = "<group>"; };
		EEBF1DFB1B9F14D000E3951C /* InfoStationView.m */ = {isa = PBXFileReference; fileEncoding = 4; lastKnownFileType = sourcecode.c.objc; path = InfoStationView.m; sourceTree = "<group>"; };
		EEBF1DFD1B9F14E100E3951C /* InfoStationView.xib */ = {isa = PBXFileReference; fileEncoding = 4; lastKnownFileType = file.xib; path = InfoStationView.xib; sourceTree = "<group>"; };
		EEBF1DFF1B9F162800E3951C /* InfoStationMySchool.h */ = {isa = PBXFileReference; fileEncoding = 4; lastKnownFileType = sourcecode.c.h; path = InfoStationMySchool.h; sourceTree = "<group>"; };
		EEBF1E001B9F162800E3951C /* InfoStationMySchool.m */ = {isa = PBXFileReference; fileEncoding = 4; lastKnownFileType = sourcecode.c.objc; path = InfoStationMySchool.m; sourceTree = "<group>"; };
		EEBF1E021B9F171D00E3951C /* InfoStationSearchSchool.h */ = {isa = PBXFileReference; fileEncoding = 4; lastKnownFileType = sourcecode.c.h; path = InfoStationSearchSchool.h; sourceTree = "<group>"; };
		EEBF1E031B9F171D00E3951C /* InfoStationSearchSchool.m */ = {isa = PBXFileReference; fileEncoding = 4; lastKnownFileType = sourcecode.c.objc; path = InfoStationSearchSchool.m; sourceTree = "<group>"; };
		EEC9B4CC1B9E8489006806ED /* MainViewController.h */ = {isa = PBXFileReference; fileEncoding = 4; lastKnownFileType = sourcecode.c.h; path = MainViewController.h; sourceTree = "<group>"; };
		EEC9B4CD1B9E8489006806ED /* MainViewController.m */ = {isa = PBXFileReference; fileEncoding = 4; lastKnownFileType = sourcecode.c.objc; path = MainViewController.m; sourceTree = "<group>"; };
		EEDC046E1B9FE34200600366 /* HandsUpCreateController.h */ = {isa = PBXFileReference; fileEncoding = 4; lastKnownFileType = sourcecode.c.h; path = HandsUpCreateController.h; sourceTree = "<group>"; };
		EEDC046F1B9FE34200600366 /* HandsUpCreateController.m */ = {isa = PBXFileReference; fileEncoding = 4; lastKnownFileType = sourcecode.c.objc; path = HandsUpCreateController.m; sourceTree = "<group>"; };
		EEDC04721B9FEBA400600366 /* LoginController.h */ = {isa = PBXFileReference; fileEncoding = 4; lastKnownFileType = sourcecode.c.h; path = LoginController.h; sourceTree = "<group>"; };
		EEDC04731B9FEBA400600366 /* LoginController.m */ = {isa = PBXFileReference; fileEncoding = 4; lastKnownFileType = sourcecode.c.objc; path = LoginController.m; sourceTree = "<group>"; };
		EEDC04751B9FEBB600600366 /* Login.storyboard */ = {isa = PBXFileReference; fileEncoding = 4; lastKnownFileType = file.storyboard; path = Login.storyboard; sourceTree = "<group>"; };
		EEDC047A1B9FEE8400600366 /* LoginModel.xcdatamodel */ = {isa = PBXFileReference; lastKnownFileType = wrapper.xcdatamodel; path = LoginModel.xcdatamodel; sourceTree = "<group>"; };
		EEDC047C1B9FF21100600366 /* LoginToken.h */ = {isa = PBXFileReference; fileEncoding = 4; lastKnownFileType = sourcecode.c.h; path = LoginToken.h; sourceTree = "<group>"; };
		EEDC047D1B9FF21100600366 /* LoginToken.m */ = {isa = PBXFileReference; fileEncoding = 4; lastKnownFileType = sourcecode.c.objc; path = LoginToken.m; sourceTree = "<group>"; };
		EEDC047E1B9FF21100600366 /* Profile.h */ = {isa = PBXFileReference; fileEncoding = 4; lastKnownFileType = sourcecode.c.h; path = Profile.h; sourceTree = "<group>"; };
		EEDC047F1B9FF21100600366 /* Profile.m */ = {isa = PBXFileReference; fileEncoding = 4; lastKnownFileType = sourcecode.c.objc; path = Profile.m; sourceTree = "<group>"; };
		EEDC04801B9FF21100600366 /* Course.h */ = {isa = PBXFileReference; fileEncoding = 4; lastKnownFileType = sourcecode.c.h; path = Course.h; sourceTree = "<group>"; };
		EEDC04811B9FF21100600366 /* Course.m */ = {isa = PBXFileReference; fileEncoding = 4; lastKnownFileType = sourcecode.c.objc; path = Course.m; sourceTree = "<group>"; };
		EEDC04821B9FF21100600366 /* SNSConnection.h */ = {isa = PBXFileReference; fileEncoding = 4; lastKnownFileType = sourcecode.c.h; path = SNSConnection.h; sourceTree = "<group>"; };
		EEDC04831B9FF21100600366 /* SNSConnection.m */ = {isa = PBXFileReference; fileEncoding = 4; lastKnownFileType = sourcecode.c.objc; path = SNSConnection.m; sourceTree = "<group>"; };
		EEDC04841B9FF21100600366 /* CurrentToken.h */ = {isa = PBXFileReference; fileEncoding = 4; lastKnownFileType = sourcecode.c.h; path = CurrentToken.h; sourceTree = "<group>"; };
		EEDC04851B9FF21100600366 /* CurrentToken.m */ = {isa = PBXFileReference; fileEncoding = 4; lastKnownFileType = sourcecode.c.objc; path = CurrentToken.m; sourceTree = "<group>"; };
		EEDC048D1B9FF83200600366 /* LoginModel.h */ = {isa = PBXFileReference; fileEncoding = 4; lastKnownFileType = sourcecode.c.h; path = LoginModel.h; sourceTree = "<group>"; };
		EEDC048E1B9FF83200600366 /* LoginModel.m */ = {isa = PBXFileReference; fileEncoding = 4; lastKnownFileType = sourcecode.c.objc; path = LoginModel.m; sourceTree = "<group>"; };
		EEDC04911B9FFB1F00600366 /* libWeiboSDK.a */ = {isa = PBXFileReference; lastKnownFileType = archive.ar; path = libWeiboSDK.a; sourceTree = "<group>"; };
		EEDC04921B9FFB1F00600366 /* WBHttpRequest+WeiboGame.h */ = {isa = PBXFileReference; fileEncoding = 4; lastKnownFileType = sourcecode.c.h; path = "WBHttpRequest+WeiboGame.h"; sourceTree = "<group>"; };
		EEDC04931B9FFB1F00600366 /* WBHttpRequest+WeiboShare.h */ = {isa = PBXFileReference; fileEncoding = 4; lastKnownFileType = sourcecode.c.h; path = "WBHttpRequest+WeiboShare.h"; sourceTree = "<group>"; };
		EEDC04941B9FFB1F00600366 /* WBHttpRequest+WeiboToken.h */ = {isa = PBXFileReference; fileEncoding = 4; lastKnownFileType = sourcecode.c.h; path = "WBHttpRequest+WeiboToken.h"; sourceTree = "<group>"; };
		EEDC04951B9FFB1F00600366 /* WBHttpRequest+WeiboUser.h */ = {isa = PBXFileReference; fileEncoding = 4; lastKnownFileType = sourcecode.c.h; path = "WBHttpRequest+WeiboUser.h"; sourceTree = "<group>"; };
		EEDC04961B9FFB1F00600366 /* WBHttpRequest.h */ = {isa = PBXFileReference; fileEncoding = 4; lastKnownFileType = sourcecode.c.h; path = WBHttpRequest.h; sourceTree = "<group>"; };
		EEDC04971B9FFB1F00600366 /* WBSDKBasicButton.h */ = {isa = PBXFileReference; fileEncoding = 4; lastKnownFileType = sourcecode.c.h; path = WBSDKBasicButton.h; sourceTree = "<group>"; };
		EEDC04981B9FFB1F00600366 /* WBSDKCommentButton.h */ = {isa = PBXFileReference; fileEncoding = 4; lastKnownFileType = sourcecode.c.h; path = WBSDKCommentButton.h; sourceTree = "<group>"; };
		EEDC04991B9FFB1F00600366 /* WBSDKRelationshipButton.h */ = {isa = PBXFileReference; fileEncoding = 4; lastKnownFileType = sourcecode.c.h; path = WBSDKRelationshipButton.h; sourceTree = "<group>"; };
		EEDC049A1B9FFB1F00600366 /* WeiboSDK.bundle */ = {isa = PBXFileReference; lastKnownFileType = "wrapper.plug-in"; path = WeiboSDK.bundle; sourceTree = "<group>"; };
		EEDC049B1B9FFB1F00600366 /* WeiboSDK.h */ = {isa = PBXFileReference; fileEncoding = 4; lastKnownFileType = sourcecode.c.h; path = WeiboSDK.h; sourceTree = "<group>"; };
		EEDC049C1B9FFB1F00600366 /* WeiboUser.h */ = {isa = PBXFileReference; fileEncoding = 4; lastKnownFileType = sourcecode.c.h; path = WeiboUser.h; sourceTree = "<group>"; };
		EEDC049F1B9FFC5800600366 /* QuartzCore.framework */ = {isa = PBXFileReference; lastKnownFileType = wrapper.framework; name = QuartzCore.framework; path = System/Library/Frameworks/QuartzCore.framework; sourceTree = SDKROOT; };
		EEDC04A11B9FFC6500600366 /* ImageIO.framework */ = {isa = PBXFileReference; lastKnownFileType = wrapper.framework; name = ImageIO.framework; path = System/Library/Frameworks/ImageIO.framework; sourceTree = SDKROOT; };
		EEDC04A31B9FFC7400600366 /* SystemConfiguration.framework */ = {isa = PBXFileReference; lastKnownFileType = wrapper.framework; name = SystemConfiguration.framework; path = System/Library/Frameworks/SystemConfiguration.framework; sourceTree = SDKROOT; };
		EEDC04A51B9FFC7F00600366 /* Security.framework */ = {isa = PBXFileReference; lastKnownFileType = wrapper.framework; name = Security.framework; path = System/Library/Frameworks/Security.framework; sourceTree = SDKROOT; };
		EEDC04A71B9FFC8D00600366 /* CoreTelephony.framework */ = {isa = PBXFileReference; lastKnownFileType = wrapper.framework; name = CoreTelephony.framework; path = System/Library/Frameworks/CoreTelephony.framework; sourceTree = SDKROOT; };
		EEDC04A91B9FFC9600600366 /* CoreText.framework */ = {isa = PBXFileReference; lastKnownFileType = wrapper.framework; name = CoreText.framework; path = System/Library/Frameworks/CoreText.framework; sourceTree = SDKROOT; };
		EEDC04AB1B9FFCA200600366 /* UIKit.framework */ = {isa = PBXFileReference; lastKnownFileType = wrapper.framework; name = UIKit.framework; path = System/Library/Frameworks/UIKit.framework; sourceTree = SDKROOT; };
		EEDC04AD1B9FFCB300600366 /* Foundation.framework */ = {isa = PBXFileReference; lastKnownFileType = wrapper.framework; name = Foundation.framework; path = System/Library/Frameworks/Foundation.framework; sourceTree = SDKROOT; };
		EEDC04AF1B9FFCBA00600366 /* CoreGraphics.framework */ = {isa = PBXFileReference; lastKnownFileType = wrapper.framework; name = CoreGraphics.framework; path = System/Library/Frameworks/CoreGraphics.framework; sourceTree = SDKROOT; };
		EEDC04B11B9FFCC500600366 /* libz.dylib */ = {isa = PBXFileReference; lastKnownFileType = "compiled.mach-o.dylib"; name = libz.dylib; path = usr/lib/libz.dylib; sourceTree = SDKROOT; };
		EEDC04B31B9FFCD200600366 /* libsqlite3.dylib */ = {isa = PBXFileReference; lastKnownFileType = "compiled.mach-o.dylib"; name = libsqlite3.dylib; path = usr/lib/libsqlite3.dylib; sourceTree = SDKROOT; };
		EEDC04B61BA0062600600366 /* CurrentToken+ContextOpt.h */ = {isa = PBXFileReference; fileEncoding = 4; lastKnownFileType = sourcecode.c.h; path = "CurrentToken+ContextOpt.h"; sourceTree = "<group>"; };
		EEDC04B71BA0062600600366 /* CurrentToken+ContextOpt.m */ = {isa = PBXFileReference; fileEncoding = 4; lastKnownFileType = sourcecode.c.objc; path = "CurrentToken+ContextOpt.m"; sourceTree = "<group>"; };
/* End PBXFileReference section */

/* Begin PBXFrameworksBuildPhase section */
		EE9F5B801B9D38F600504355 /* Frameworks */ = {
			isa = PBXFrameworksBuildPhase;
			buildActionMask = 2147483647;
			files = (
				EEDC04B41B9FFCD300600366 /* libsqlite3.dylib in Frameworks */,
				EEDC04B21B9FFCC500600366 /* libz.dylib in Frameworks */,
				EEDC04B01B9FFCBA00600366 /* CoreGraphics.framework in Frameworks */,
				EEDC04AE1B9FFCB300600366 /* Foundation.framework in Frameworks */,
				EEDC04AC1B9FFCA200600366 /* UIKit.framework in Frameworks */,
				EEDC04AA1B9FFC9600600366 /* CoreText.framework in Frameworks */,
				EEDC04A81B9FFC8D00600366 /* CoreTelephony.framework in Frameworks */,
				EEDC04A61B9FFC7F00600366 /* Security.framework in Frameworks */,
				EEDC04A41B9FFC7400600366 /* SystemConfiguration.framework in Frameworks */,
				EEDC04A21B9FFC6500600366 /* ImageIO.framework in Frameworks */,
				EEDC04A01B9FFC5800600366 /* QuartzCore.framework in Frameworks */,
				EEDC049D1B9FFB1F00600366 /* libWeiboSDK.a in Frameworks */,
			);
			runOnlyForDeploymentPostprocessing = 0;
		};
		EE9F5B9C1B9D38F600504355 /* Frameworks */ = {
			isa = PBXFrameworksBuildPhase;
			buildActionMask = 2147483647;
			files = (
			);
			runOnlyForDeploymentPostprocessing = 0;
		};
/* End PBXFrameworksBuildPhase section */

/* Begin PBXGroup section */
		EE90F69F1BA2D3A5002C93E3 /* CatchUpModel */ = {
			isa = PBXGroup;
			children = (
				EE90F6A01BA2D3A5002C93E3 /* LocalModel */,
				EE90F6AD1BA2DD1E002C93E3 /* CatchUpModel.h */,
				EE90F6AE1BA2DD1E002C93E3 /* CatchUpModel.m */,
			);
			path = CatchUpModel;
			sourceTree = "<group>";
		};
		EE90F6A01BA2D3A5002C93E3 /* LocalModel */ = {
			isa = PBXGroup;
			children = (
				EE90F6A41BA2D844002C93E3 /* CatchUpEvent.h */,
				EE90F6A51BA2D844002C93E3 /* CatchUpEvent.m */,
				EE90F6A61BA2D844002C93E3 /* CatchUpOwner.h */,
				EE90F6A71BA2D844002C93E3 /* CatchUpOwner.m */,
				EE90F6A11BA2D3DE002C93E3 /* CatchUpModel.xcdatamodeld */,
				EE90F6AA1BA2D952002C93E3 /* CatchUpOwner+ContextOpt.h */,
				EE90F6AB1BA2D952002C93E3 /* CatchUpOwner+ContextOpt.m */,
			);
			path = LocalModel;
			sourceTree = "<group>";
		};
		EE9F5B7A1B9D38F600504355 = {
			isa = PBXGroup;
			children = (
				EEAD44D91B9D45E8000E5EE0 /* HandsUpApp.mobileprovision */,
				EEDC04901B9FFB1F00600366 /* libWeiboSDK */,
				EE9F5B851B9D38F600504355 /* handsup */,
				EE9F5BA21B9D38F600504355 /* handsupTests */,
				EEDC04B51B9FFCD800600366 /* FrameWork */,
				EE9F5B841B9D38F600504355 /* Products */,
			);
			sourceTree = "<group>";
		};
		EE9F5B841B9D38F600504355 /* Products */ = {
			isa = PBXGroup;
			children = (
				EE9F5B831B9D38F600504355 /* handsup.app */,
				EE9F5B9F1B9D38F600504355 /* handsupTests.xctest */,
			);
			name = Products;
			sourceTree = "<group>";
		};
		EE9F5B851B9D38F600504355 /* handsup */ = {
			isa = PBXGroup;
			children = (
				EEAD45A11B9D4B5D000E5EE0 /* Animations */,
				EEAD45801B9D4807000E5EE0 /* Views */,
				EEAD457F1B9D4801000E5EE0 /* Controllers */,
				EEAD45691B9D47F0000E5EE0 /* Models */,
				EEAD45651B9D47EA000E5EE0 /* RemoteInstance */,
				EEAD45561B9D47E5000E5EE0 /* INTUAnimationEngine */,
				EE9F5BC11B9D3F5300504355 /* main */,
				EE9F5B861B9D38F600504355 /* Supporting Files */,
			);
			path = handsup;
			sourceTree = "<group>";
		};
		EE9F5B861B9D38F600504355 /* Supporting Files */ = {
			isa = PBXGroup;
			children = (
				EEBF1DDD1B9EA98D00E3951C /* HandsUpBoundle.bundle */,
				EE9F5B871B9D38F600504355 /* Info.plist */,
				EE9F5B881B9D38F600504355 /* main.m */,
				EE9F5BB71B9D3D7200504355 /* Localizable.strings */,
				EE9F5BBF1B9D3D9000504355 /* InfoPlist.strings */,
			);
			name = "Supporting Files";
			sourceTree = "<group>";
		};
		EE9F5BA21B9D38F600504355 /* handsupTests */ = {
			isa = PBXGroup;
			children = (
				EE9F5BA51B9D38F600504355 /* handsupTests.m */,
				EE9F5BA31B9D38F600504355 /* Supporting Files */,
			);
			path = handsupTests;
			sourceTree = "<group>";
		};
		EE9F5BA31B9D38F600504355 /* Supporting Files */ = {
			isa = PBXGroup;
			children = (
				EE9F5BA41B9D38F600504355 /* Info.plist */,
			);
			name = "Supporting Files";
			sourceTree = "<group>";
		};
		EE9F5BC11B9D3F5300504355 /* main */ = {
			isa = PBXGroup;
			children = (
				EE9F5B8A1B9D38F600504355 /* AppDelegate.h */,
				EE9F5B8B1B9D38F600504355 /* AppDelegate.m */,
				EE9F5B901B9D38F600504355 /* ViewController.h */,
				EE9F5B911B9D38F600504355 /* ViewController.m */,
				EE9F5B931B9D38F600504355 /* Main.storyboard */,
				EE9F5B961B9D38F600504355 /* Images.xcassets */,
				EE9F5B981B9D38F600504355 /* LaunchScreen.xib */,
			);
			name = main;
			sourceTree = "<group>";
		};
		EEAD45561B9D47E5000E5EE0 /* INTUAnimationEngine */ = {
			isa = PBXGroup;
			children = (
				EEAD45571B9D47E5000E5EE0 /* INTUAnimationEngine.h */,
				EEAD45581B9D47E5000E5EE0 /* INTUAnimationEngine.m */,
				EEAD45591B9D47E5000E5EE0 /* INTUEasingFunctions.h */,
				EEAD455A1B9D47E5000E5EE0 /* INTUEasingFunctions.m */,
				EEAD455B1B9D47E5000E5EE0 /* INTUInterpolationFunctions.h */,
				EEAD455C1B9D47E5000E5EE0 /* INTUInterpolationFunctions.m */,
				EEAD455D1B9D47E5000E5EE0 /* SpringSolver */,
			);
			path = INTUAnimationEngine;
			sourceTree = "<group>";
		};
		EEAD455D1B9D47E5000E5EE0 /* SpringSolver */ = {
			isa = PBXGroup;
			children = (
				EEAD455E1B9D47E5000E5EE0 /* INTUSpringSolver.c */,
				EEAD455F1B9D47E5000E5EE0 /* INTUSpringSolver.h */,
				EEAD45601B9D47E5000E5EE0 /* INTUVector.h */,
			);
			path = SpringSolver;
			sourceTree = "<group>";
		};
		EEAD45651B9D47EA000E5EE0 /* RemoteInstance */ = {
			isa = PBXGroup;
			children = (
				EEAD45661B9D47EA000E5EE0 /* RemoteInstance.h */,
				EEAD45671B9D47EA000E5EE0 /* RemoteInstance.m */,
			);
			path = RemoteInstance;
			sourceTree = "<group>";
		};
		EEAD45691B9D47F0000E5EE0 /* Models */ = {
			isa = PBXGroup;
			children = (
				EE90F69F1BA2D3A5002C93E3 /* CatchUpModel */,
				EEB667EA1BA2736200C37B29 /* HandsUpModel */,
				EEDC04771B9FEE5800600366 /* LoginModel */,
				EEAD456A1B9D47F0000E5EE0 /* Common */,
				EEAD456C1B9D47F0000E5EE0 /* Reachability */,
				EEAD456F1B9D47F0000E5EE0 /* TmpFileStorageModel */,
			);
			path = Models;
			sourceTree = "<group>";
		};
		EEAD456A1B9D47F0000E5EE0 /* Common */ = {
			isa = PBXGroup;
			children = (
				EEAD456B1B9D47F0000E5EE0 /* ModelDefines.h */,
			);
			path = Common;
			sourceTree = "<group>";
		};
		EEAD456C1B9D47F0000E5EE0 /* Reachability */ = {
			isa = PBXGroup;
			children = (
				EEAD456D1B9D47F0000E5EE0 /* Reachability.h */,
				EEAD456E1B9D47F0000E5EE0 /* Reachability.m */,
			);
			path = Reachability;
			sourceTree = "<group>";
		};
		EEAD456F1B9D47F0000E5EE0 /* TmpFileStorageModel */ = {
			isa = PBXGroup;
			children = (
				EEAD45701B9D47F0000E5EE0 /* TmpFileStorageModel.h */,
				EEAD45711B9D47F0000E5EE0 /* TmpFileStorageModel.m */,
			);
			path = TmpFileStorageModel;
			sourceTree = "<group>";
		};
		EEAD457F1B9D4801000E5EE0 /* Controllers */ = {
			isa = PBXGroup;
			children = (
				EEDC04711B9FEB7D00600366 /* Login */,
				EEBF1DED1B9F149D00E3951C /* CatchUp */,
				EEBF1DF01B9F149D00E3951C /* HandsUp */,
				EEBF1DF31B9F149D00E3951C /* InfoStation */,
				EEC9B4CC1B9E8489006806ED /* MainViewController.h */,
				EEC9B4CD1B9E8489006806ED /* MainViewController.m */,
			);
			path = Controllers;
			sourceTree = "<group>";
		};
		EEAD45801B9D4807000E5EE0 /* Views */ = {
			isa = PBXGroup;
			children = (
				EEBF1DF91B9F14BE00E3951C /* InfoStationView */,
				EEBF1DE71B9EE63D00E3951C /* CatchUpView */,
				EEBF1DDF1B9EBB3000E3951C /* HandsUpTitleView */,
				EEAD45811B9D4807000E5EE0 /* BWStatusBarOverlay */,
				EEAD458A1B9D4807000E5EE0 /* SGActionView */,
			);
			path = Views;
			sourceTree = "<group>";
		};
		EEAD45811B9D4807000E5EE0 /* BWStatusBarOverlay */ = {
			isa = PBXGroup;
			children = (
				EEAD45821B9D4807000E5EE0 /* BWStatusBarOverlay.h */,
				EEAD45831B9D4807000E5EE0 /* BWStatusBarOverlay.m */,
				EEAD45841B9D4807000E5EE0 /* status-bar-pattern-black.jpg */,
				EEAD45851B9D4807000E5EE0 /* status-bar-pattern-black@2x.jpg */,
				EEAD45861B9D4807000E5EE0 /* status-bar-pattern-default.jpg */,
				EEAD45871B9D4807000E5EE0 /* status-bar-pattern-default@2x.jpg */,
				EEAD45881B9D4807000E5EE0 /* status-bar-progress.png */,
				EEAD45891B9D4807000E5EE0 /* status-bar-progress@2x.png */,
			);
			path = BWStatusBarOverlay;
			sourceTree = "<group>";
		};
		EEAD458A1B9D4807000E5EE0 /* SGActionView */ = {
			isa = PBXGroup;
			children = (
				EEAD458B1B9D4807000E5EE0 /* SGActionView.h */,
				EEAD458C1B9D4807000E5EE0 /* SGActionView.m */,
				EEAD458D1B9D4807000E5EE0 /* SGAlertMenu.h */,
				EEAD458E1B9D4807000E5EE0 /* SGAlertMenu.m */,
				EEAD458F1B9D4807000E5EE0 /* SGBaseMenu.h */,
				EEAD45901B9D4807000E5EE0 /* SGBaseMenu.m */,
				EEAD45911B9D4807000E5EE0 /* SGGridMenu.h */,
				EEAD45921B9D4807000E5EE0 /* SGGridMenu.m */,
				EEAD45931B9D4807000E5EE0 /* SGSheetMenu.h */,
				EEAD45941B9D4807000E5EE0 /* SGSheetMenu.m */,
			);
			path = SGActionView;
			sourceTree = "<group>";
		};
		EEAD45A11B9D4B5D000E5EE0 /* Animations */ = {
			isa = PBXGroup;
			children = (
				EEAD45A21B9D4B9F000E5EE0 /* HandsUpSegue.h */,
				EEAD45A31B9D4B9F000E5EE0 /* HandsUpSegue.m */,
				EEAD45AB1B9D5F6B000E5EE0 /* CatchUpSegue.h */,
				EEAD45AC1B9D5F6B000E5EE0 /* CatchUpSegue.m */,
				EEAD45B11B9D72B1000E5EE0 /* InfoSegue.h */,
				EEAD45B21B9D72B1000E5EE0 /* InfoSegue.m */,
			);
			path = Animations;
			sourceTree = "<group>";
		};
		EEB667EA1BA2736200C37B29 /* HandsUpModel */ = {
			isa = PBXGroup;
			children = (
				EEB667EB1BA273A500C37B29 /* LocalModel */,
				EEB667F51BA2766200C37B29 /* HandsUpModel.h */,
				EEB667F61BA2766200C37B29 /* HandsUpModel.m */,
			);
			path = HandsUpModel;
			sourceTree = "<group>";
		};
		EEB667EB1BA273A500C37B29 /* LocalModel */ = {
			isa = PBXGroup;
			children = (
				EEB667F21BA2754F00C37B29 /* HandsUpEvent.h */,
				EEB667F31BA2754F00C37B29 /* HandsUpEvent.m */,
				EEB667EF1BA2754E00C37B29 /* HandsUpOwner.h */,
				EEB667F01BA2754E00C37B29 /* HandsUpOwner.m */,
				EEB667EC1BA273E700C37B29 /* HandsUpModel.xcdatamodeld */,
				EEB667F81BA278C700C37B29 /* HandsUpOwner+ContextOpt.h */,
				EEB667F91BA278C700C37B29 /* HandsUpOwner+ContextOpt.m */,
			);
			path = LocalModel;
			sourceTree = "<group>";
		};
		EEBF1DDF1B9EBB3000E3951C /* HandsUpTitleView */ = {
			isa = PBXGroup;
			children = (
				EEBF1DE01B9EBB4B00E3951C /* HandsUpTitleView.h */,
				EEBF1DE11B9EBB4B00E3951C /* HandsUpTitleView.m */,
				EEBF1DE31B9EBB5A00E3951C /* HandsUpTitleView.xib */,
			);
			path = HandsUpTitleView;
			sourceTree = "<group>";
		};
		EEBF1DE71B9EE63D00E3951C /* CatchUpView */ = {
			isa = PBXGroup;
			children = (
				EEBF1DE81B9EE64D00E3951C /* CatchUpView.h */,
				EEBF1DE91B9EE64D00E3951C /* CatchUpView.m */,
				EEBF1DEB1B9EE65900E3951C /* CatchUpView.xib */,
			);
			path = CatchUpView;
			sourceTree = "<group>";
		};
		EEBF1DED1B9F149D00E3951C /* CatchUp */ = {
			isa = PBXGroup;
			children = (
				EEBF1DEE1B9F149D00E3951C /* CatchUpController.h */,
				EEBF1DEF1B9F149D00E3951C /* CatchUpController.m */,
			);
			path = CatchUp;
			sourceTree = "<group>";
		};
		EEBF1DF01B9F149D00E3951C /* HandsUp */ = {
			isa = PBXGroup;
			children = (
				EEDC046D1B9FD37000600366 /* HandsUpCreateAndUpdate */,
				EEBF1DF11B9F149D00E3951C /* HandsUpController.h */,
				EEBF1DF21B9F149D00E3951C /* HandsUpController.m */,
			);
			path = HandsUp;
			sourceTree = "<group>";
		};
		EEBF1DF31B9F149D00E3951C /* InfoStation */ = {
			isa = PBXGroup;
			children = (
				EEBF1DF41B9F149D00E3951C /* InfoStationController.h */,
				EEBF1DF51B9F149D00E3951C /* InfoStationController.m */,
				EEBF1DFF1B9F162800E3951C /* InfoStationMySchool.h */,
				EEBF1E001B9F162800E3951C /* InfoStationMySchool.m */,
				EEBF1E021B9F171D00E3951C /* InfoStationSearchSchool.h */,
				EEBF1E031B9F171D00E3951C /* InfoStationSearchSchool.m */,
			);
			path = InfoStation;
			sourceTree = "<group>";
		};
		EEBF1DF91B9F14BE00E3951C /* InfoStationView */ = {
			isa = PBXGroup;
			children = (
				EEBF1DFA1B9F14D000E3951C /* InfoStationView.h */,
				EEBF1DFB1B9F14D000E3951C /* InfoStationView.m */,
				EEBF1DFD1B9F14E100E3951C /* InfoStationView.xib */,
			);
			path = InfoStationView;
			sourceTree = "<group>";
		};
		EEDC046D1B9FD37000600366 /* HandsUpCreateAndUpdate */ = {
			isa = PBXGroup;
			children = (
				EEDC046E1B9FE34200600366 /* HandsUpCreateController.h */,
				EEDC046F1B9FE34200600366 /* HandsUpCreateController.m */,
			);
			path = HandsUpCreateAndUpdate;
			sourceTree = "<group>";
		};
		EEDC04711B9FEB7D00600366 /* Login */ = {
			isa = PBXGroup;
			children = (
				EEDC04721B9FEBA400600366 /* LoginController.h */,
				EEDC04731B9FEBA400600366 /* LoginController.m */,
				EEDC04751B9FEBB600600366 /* Login.storyboard */,
			);
			path = Login;
			sourceTree = "<group>";
		};
		EEDC04771B9FEE5800600366 /* LoginModel */ = {
			isa = PBXGroup;
			children = (
				EEDC04781B9FEE6F00600366 /* LocalModel */,
				EEDC048D1B9FF83200600366 /* LoginModel.h */,
				EEDC048E1B9FF83200600366 /* LoginModel.m */,
			);
			path = LoginModel;
			sourceTree = "<group>";
		};
		EEDC04781B9FEE6F00600366 /* LocalModel */ = {
			isa = PBXGroup;
			children = (
				EEDC047C1B9FF21100600366 /* LoginToken.h */,
				EEDC047D1B9FF21100600366 /* LoginToken.m */,
				EEDC047E1B9FF21100600366 /* Profile.h */,
				EEDC047F1B9FF21100600366 /* Profile.m */,
				EEDC04801B9FF21100600366 /* Course.h */,
				EEDC04811B9FF21100600366 /* Course.m */,
				EEDC04821B9FF21100600366 /* SNSConnection.h */,
				EEDC04831B9FF21100600366 /* SNSConnection.m */,
				EEDC04841B9FF21100600366 /* CurrentToken.h */,
				EEDC04851B9FF21100600366 /* CurrentToken.m */,
				EEDC04791B9FEE8400600366 /* LoginModel.xcdatamodeld */,
				EEDC04B61BA0062600600366 /* CurrentToken+ContextOpt.h */,
				EEDC04B71BA0062600600366 /* CurrentToken+ContextOpt.m */,
			);
			path = LocalModel;
			sourceTree = "<group>";
		};
		EEDC04901B9FFB1F00600366 /* libWeiboSDK */ = {
			isa = PBXGroup;
			children = (
				EEDC04911B9FFB1F00600366 /* libWeiboSDK.a */,
				EEDC04921B9FFB1F00600366 /* WBHttpRequest+WeiboGame.h */,
				EEDC04931B9FFB1F00600366 /* WBHttpRequest+WeiboShare.h */,
				EEDC04941B9FFB1F00600366 /* WBHttpRequest+WeiboToken.h */,
				EEDC04951B9FFB1F00600366 /* WBHttpRequest+WeiboUser.h */,
				EEDC04961B9FFB1F00600366 /* WBHttpRequest.h */,
				EEDC04971B9FFB1F00600366 /* WBSDKBasicButton.h */,
				EEDC04981B9FFB1F00600366 /* WBSDKCommentButton.h */,
				EEDC04991B9FFB1F00600366 /* WBSDKRelationshipButton.h */,
				EEDC049A1B9FFB1F00600366 /* WeiboSDK.bundle */,
				EEDC049B1B9FFB1F00600366 /* WeiboSDK.h */,
				EEDC049C1B9FFB1F00600366 /* WeiboUser.h */,
			);
			path = libWeiboSDK;
			sourceTree = "<group>";
		};
		EEDC04B51B9FFCD800600366 /* FrameWork */ = {
			isa = PBXGroup;
			children = (
				EEDC04B31B9FFCD200600366 /* libsqlite3.dylib */,
				EEDC04B11B9FFCC500600366 /* libz.dylib */,
				EEDC04AF1B9FFCBA00600366 /* CoreGraphics.framework */,
				EEDC04AD1B9FFCB300600366 /* Foundation.framework */,
				EEDC04AB1B9FFCA200600366 /* UIKit.framework */,
				EEDC04A91B9FFC9600600366 /* CoreText.framework */,
				EEDC04A71B9FFC8D00600366 /* CoreTelephony.framework */,
				EEDC04A51B9FFC7F00600366 /* Security.framework */,
				EEDC04A31B9FFC7400600366 /* SystemConfiguration.framework */,
				EEDC04A11B9FFC6500600366 /* ImageIO.framework */,
				EEDC049F1B9FFC5800600366 /* QuartzCore.framework */,
			);
			name = FrameWork;
			sourceTree = "<group>";
		};
/* End PBXGroup section */

/* Begin PBXNativeTarget section */
		EE9F5B821B9D38F600504355 /* handsup */ = {
			isa = PBXNativeTarget;
			buildConfigurationList = EE9F5BA91B9D38F600504355 /* Build configuration list for PBXNativeTarget "handsup" */;
			buildPhases = (
				EE9F5B7F1B9D38F600504355 /* Sources */,
				EE9F5B801B9D38F600504355 /* Frameworks */,
				EE9F5B811B9D38F600504355 /* Resources */,
			);
			buildRules = (
			);
			dependencies = (
			);
			name = handsup;
			productName = handsup;
			productReference = EE9F5B831B9D38F600504355 /* handsup.app */;
			productType = "com.apple.product-type.application";
		};
		EE9F5B9E1B9D38F600504355 /* handsupTests */ = {
			isa = PBXNativeTarget;
			buildConfigurationList = EE9F5BAC1B9D38F600504355 /* Build configuration list for PBXNativeTarget "handsupTests" */;
			buildPhases = (
				EE9F5B9B1B9D38F600504355 /* Sources */,
				EE9F5B9C1B9D38F600504355 /* Frameworks */,
				EE9F5B9D1B9D38F600504355 /* Resources */,
			);
			buildRules = (
			);
			dependencies = (
				EE9F5BA11B9D38F600504355 /* PBXTargetDependency */,
			);
			name = handsupTests;
			productName = handsupTests;
			productReference = EE9F5B9F1B9D38F600504355 /* handsupTests.xctest */;
			productType = "com.apple.product-type.bundle.unit-test";
		};
/* End PBXNativeTarget section */

/* Begin PBXProject section */
		EE9F5B7B1B9D38F600504355 /* Project object */ = {
			isa = PBXProject;
			attributes = {
				LastUpgradeCheck = 0640;
				ORGANIZATIONNAME = BlackMirror;
				TargetAttributes = {
					EE9F5B821B9D38F600504355 = {
						CreatedOnToolsVersion = 6.4;
					};
					EE9F5B9E1B9D38F600504355 = {
						CreatedOnToolsVersion = 6.4;
						TestTargetID = EE9F5B821B9D38F600504355;
					};
				};
			};
			buildConfigurationList = EE9F5B7E1B9D38F600504355 /* Build configuration list for PBXProject "handsup" */;
			compatibilityVersion = "Xcode 3.2";
			developmentRegion = English;
			hasScannedForEncodings = 0;
			knownRegions = (
				en,
				Base,
				"zh-Hans",
			);
			mainGroup = EE9F5B7A1B9D38F600504355;
			productRefGroup = EE9F5B841B9D38F600504355 /* Products */;
			projectDirPath = "";
			projectRoot = "";
			targets = (
				EE9F5B821B9D38F600504355 /* handsup */,
				EE9F5B9E1B9D38F600504355 /* handsupTests */,
			);
		};
/* End PBXProject section */

/* Begin PBXResourcesBuildPhase section */
		EE9F5B811B9D38F600504355 /* Resources */ = {
			isa = PBXResourcesBuildPhase;
			buildActionMask = 2147483647;
			files = (
				EEAD459A1B9D4807000E5EE0 /* status-bar-progress.png in Resources */,
				EEBF1DDE1B9EA98E00E3951C /* HandsUpBoundle.bundle in Resources */,
				EE9F5B951B9D38F600504355 /* Main.storyboard in Resources */,
				EEAD44DA1B9D45E8000E5EE0 /* HandsUpApp.mobileprovision in Resources */,
				EEAD45961B9D4807000E5EE0 /* status-bar-pattern-black.jpg in Resources */,
				EEDC049E1B9FFB1F00600366 /* WeiboSDK.bundle in Resources */,
				EEBF1DEC1B9EE65900E3951C /* CatchUpView.xib in Resources */,
				EEAD45971B9D4807000E5EE0 /* status-bar-pattern-black@2x.jpg in Resources */,
				EEAD45981B9D4807000E5EE0 /* status-bar-pattern-default.jpg in Resources */,
				EEDC04761B9FEBB600600366 /* Login.storyboard in Resources */,
				EEAD45991B9D4807000E5EE0 /* status-bar-pattern-default@2x.jpg in Resources */,
				EEAD459B1B9D4807000E5EE0 /* status-bar-progress@2x.png in Resources */,
				EE9F5BB91B9D3D7500504355 /* Localizable.strings in Resources */,
				EE9F5B9A1B9D38F600504355 /* LaunchScreen.xib in Resources */,
				EE9F5B971B9D38F600504355 /* Images.xcassets in Resources */,
				EEBF1DFE1B9F14E100E3951C /* InfoStationView.xib in Resources */,
				EE9F5BBD1B9D3D9000504355 /* InfoPlist.strings in Resources */,
				EEBF1DE41B9EBB5A00E3951C /* HandsUpTitleView.xib in Resources */,
			);
			runOnlyForDeploymentPostprocessing = 0;
		};
		EE9F5B9D1B9D38F600504355 /* Resources */ = {
			isa = PBXResourcesBuildPhase;
			buildActionMask = 2147483647;
			files = (
			);
			runOnlyForDeploymentPostprocessing = 0;
		};
/* End PBXResourcesBuildPhase section */

/* Begin PBXSourcesBuildPhase section */
		EE9F5B7F1B9D38F600504355 /* Sources */ = {
			isa = PBXSourcesBuildPhase;
			buildActionMask = 2147483647;
			files = (
				EEDC04871B9FF21100600366 /* Profile.m in Sources */,
				EEBF1DEA1B9EE64D00E3951C /* CatchUpView.m in Sources */,
				EEDC04861B9FF21100600366 /* LoginToken.m in Sources */,
				EEDC04701B9FE34200600366 /* HandsUpCreateController.m in Sources */,
				EEBF1DFC1B9F14D000E3951C /* InfoStationView.m in Sources */,
				EEB667F41BA2754F00C37B29 /* HandsUpEvent.m in Sources */,
				EEBF1DF81B9F149D00E3951C /* InfoStationController.m in Sources */,
				EEBF1E011B9F162800E3951C /* InfoStationMySchool.m in Sources */,
				EE90F6A81BA2D844002C93E3 /* CatchUpEvent.m in Sources */,
				EEDC04741B9FEBA400600366 /* LoginController.m in Sources */,
				EEBF1E041B9F171D00E3951C /* InfoStationSearchSchool.m in Sources */,
				EEAD45A01B9D4807000E5EE0 /* SGSheetMenu.m in Sources */,
				EEB667EE1BA273E700C37B29 /* HandsUpModel.xcdatamodeld in Sources */,
				EEAD45631B9D47E5000E5EE0 /* INTUInterpolationFunctions.m in Sources */,
				EEAD45731B9D47F0000E5EE0 /* TmpFileStorageModel.m in Sources */,
				EE9F5B8C1B9D38F600504355 /* AppDelegate.m in Sources */,
				EE90F6AC1BA2D952002C93E3 /* CatchUpOwner+ContextOpt.m in Sources */,
				EEDC04B81BA0062600600366 /* CurrentToken+ContextOpt.m in Sources */,
				EEAD459E1B9D4807000E5EE0 /* SGBaseMenu.m in Sources */,
				EEB667FA1BA278C700C37B29 /* HandsUpOwner+ContextOpt.m in Sources */,
				EE90F6A31BA2D3DE002C93E3 /* CatchUpModel.xcdatamodeld in Sources */,
				EEBF1DF61B9F149D00E3951C /* CatchUpController.m in Sources */,
				EEAD45641B9D47E5000E5EE0 /* INTUSpringSolver.c in Sources */,
				EE90F6A91BA2D844002C93E3 /* CatchUpOwner.m in Sources */,
				EEAD459D1B9D4807000E5EE0 /* SGAlertMenu.m in Sources */,
				EEAD459C1B9D4807000E5EE0 /* SGActionView.m in Sources */,
				EEC9B4CE1B9E8489006806ED /* MainViewController.m in Sources */,
				EE9F5B921B9D38F600504355 /* ViewController.m in Sources */,
				EEAD45681B9D47EA000E5EE0 /* RemoteInstance.m in Sources */,
				EEBF1DF71B9F149D00E3951C /* HandsUpController.m in Sources */,
				EEAD45611B9D47E5000E5EE0 /* INTUAnimationEngine.m in Sources */,
				EEDC047B1B9FEE8400600366 /* LoginModel.xcdatamodeld in Sources */,
				EEAD459F1B9D4807000E5EE0 /* SGGridMenu.m in Sources */,
				EEAD45621B9D47E5000E5EE0 /* INTUEasingFunctions.m in Sources */,
				EE90F6AF1BA2DD1E002C93E3 /* CatchUpModel.m in Sources */,
				EEAD45951B9D4807000E5EE0 /* BWStatusBarOverlay.m in Sources */,
				EEAD45B31B9D72B1000E5EE0 /* InfoSegue.m in Sources */,
				EEDC04881B9FF21100600366 /* Course.m in Sources */,
				EEDC048A1B9FF21100600366 /* CurrentToken.m in Sources */,
				EEAD45A41B9D4B9F000E5EE0 /* HandsUpSegue.m in Sources */,
				EEAD45721B9D47F0000E5EE0 /* Reachability.m in Sources */,
				EEB667F71BA2766200C37B29 /* HandsUpModel.m in Sources */,
				EEDC04891B9FF21100600366 /* SNSConnection.m in Sources */,
				EEBF1DE21B9EBB4B00E3951C /* HandsUpTitleView.m in Sources */,
				EEDC048F1B9FF83200600366 /* LoginModel.m in Sources */,
				EEAD45AD1B9D5F6B000E5EE0 /* CatchUpSegue.m in Sources */,
				EE9F5B891B9D38F600504355 /* main.m in Sources */,
				EEB667F11BA2754E00C37B29 /* HandsUpOwner.m in Sources */,
			);
			runOnlyForDeploymentPostprocessing = 0;
		};
		EE9F5B9B1B9D38F600504355 /* Sources */ = {
			isa = PBXSourcesBuildPhase;
			buildActionMask = 2147483647;
			files = (
				EE9F5BA61B9D38F600504355 /* handsupTests.m in Sources */,
			);
			runOnlyForDeploymentPostprocessing = 0;
		};
/* End PBXSourcesBuildPhase section */

/* Begin PBXTargetDependency section */
		EE9F5BA11B9D38F600504355 /* PBXTargetDependency */ = {
			isa = PBXTargetDependency;
			target = EE9F5B821B9D38F600504355 /* handsup */;
			targetProxy = EE9F5BA01B9D38F600504355 /* PBXContainerItemProxy */;
		};
/* End PBXTargetDependency section */

/* Begin PBXVariantGroup section */
		EE9F5B931B9D38F600504355 /* Main.storyboard */ = {
			isa = PBXVariantGroup;
			children = (
				EE9F5B941B9D38F600504355 /* Base */,
				EE9F5BB11B9D3D1800504355 /* zh-Hans */,
			);
			name = Main.storyboard;
			sourceTree = "<group>";
		};
		EE9F5B981B9D38F600504355 /* LaunchScreen.xib */ = {
			isa = PBXVariantGroup;
			children = (
				EE9F5B991B9D38F600504355 /* Base */,
				EE9F5BB21B9D3D1800504355 /* zh-Hans */,
			);
			name = LaunchScreen.xib;
			sourceTree = "<group>";
		};
		EE9F5BB71B9D3D7200504355 /* Localizable.strings */ = {
			isa = PBXVariantGroup;
			children = (
				EE9F5BB61B9D3D7200504355 /* Base */,
				EE9F5BBA1B9D3D7500504355 /* zh-Hans */,
			);
			name = Localizable.strings;
			sourceTree = "<group>";
		};
		EE9F5BBF1B9D3D9000504355 /* InfoPlist.strings */ = {
			isa = PBXVariantGroup;
			children = (
				EE9F5BBE1B9D3D9000504355 /* Base */,
				EE9F5BC01B9D3D9100504355 /* zh-Hans */,
			);
			name = InfoPlist.strings;
			sourceTree = "<group>";
		};
/* End PBXVariantGroup section */

/* Begin XCBuildConfiguration section */
		EE9F5BA71B9D38F600504355 /* Debug */ = {
			isa = XCBuildConfiguration;
			buildSettings = {
				ALWAYS_SEARCH_USER_PATHS = NO;
				CLANG_CXX_LANGUAGE_STANDARD = "gnu++0x";
				CLANG_CXX_LIBRARY = "libc++";
				CLANG_ENABLE_MODULES = YES;
				CLANG_ENABLE_OBJC_ARC = YES;
				CLANG_WARN_BOOL_CONVERSION = YES;
				CLANG_WARN_CONSTANT_CONVERSION = YES;
				CLANG_WARN_DIRECT_OBJC_ISA_USAGE = YES_ERROR;
				CLANG_WARN_EMPTY_BODY = YES;
				CLANG_WARN_ENUM_CONVERSION = YES;
				CLANG_WARN_INT_CONVERSION = YES;
				CLANG_WARN_OBJC_ROOT_CLASS = YES_ERROR;
				CLANG_WARN_UNREACHABLE_CODE = YES;
				CLANG_WARN__DUPLICATE_METHOD_MATCH = YES;
				CODE_SIGN_IDENTITY = "iPhone Developer: Yuan Yang (2X5VX27Y79)";
				"CODE_SIGN_IDENTITY[sdk=iphoneos*]" = "iPhone Developer";
				COPY_PHASE_STRIP = NO;
				DEBUG_INFORMATION_FORMAT = "dwarf-with-dsym";
				ENABLE_STRICT_OBJC_MSGSEND = YES;
				GCC_C_LANGUAGE_STANDARD = gnu99;
				GCC_DYNAMIC_NO_PIC = NO;
				GCC_NO_COMMON_BLOCKS = YES;
				GCC_OPTIMIZATION_LEVEL = 0;
				GCC_PREPROCESSOR_DEFINITIONS = (
					"DEBUG=1",
					"$(inherited)",
				);
				GCC_SYMBOLS_PRIVATE_EXTERN = NO;
				GCC_WARN_64_TO_32_BIT_CONVERSION = YES;
				GCC_WARN_ABOUT_RETURN_TYPE = YES_ERROR;
				GCC_WARN_UNDECLARED_SELECTOR = YES;
				GCC_WARN_UNINITIALIZED_AUTOS = YES_AGGRESSIVE;
				GCC_WARN_UNUSED_FUNCTION = YES;
				GCC_WARN_UNUSED_VARIABLE = YES;
				IPHONEOS_DEPLOYMENT_TARGET = 8.4;
				MTL_ENABLE_DEBUG_INFO = YES;
				ONLY_ACTIVE_ARCH = YES;
				SDKROOT = iphoneos;
				TARGETED_DEVICE_FAMILY = "1,2";
			};
			name = Debug;
		};
		EE9F5BA81B9D38F600504355 /* Release */ = {
			isa = XCBuildConfiguration;
			buildSettings = {
				ALWAYS_SEARCH_USER_PATHS = NO;
				CLANG_CXX_LANGUAGE_STANDARD = "gnu++0x";
				CLANG_CXX_LIBRARY = "libc++";
				CLANG_ENABLE_MODULES = YES;
				CLANG_ENABLE_OBJC_ARC = YES;
				CLANG_WARN_BOOL_CONVERSION = YES;
				CLANG_WARN_CONSTANT_CONVERSION = YES;
				CLANG_WARN_DIRECT_OBJC_ISA_USAGE = YES_ERROR;
				CLANG_WARN_EMPTY_BODY = YES;
				CLANG_WARN_ENUM_CONVERSION = YES;
				CLANG_WARN_INT_CONVERSION = YES;
				CLANG_WARN_OBJC_ROOT_CLASS = YES_ERROR;
				CLANG_WARN_UNREACHABLE_CODE = YES;
				CLANG_WARN__DUPLICATE_METHOD_MATCH = YES;
				CODE_SIGN_IDENTITY = "iPhone Developer: Yuan Yang (2X5VX27Y79)";
				"CODE_SIGN_IDENTITY[sdk=iphoneos*]" = "iPhone Developer";
				COPY_PHASE_STRIP = NO;
				DEBUG_INFORMATION_FORMAT = "dwarf-with-dsym";
				ENABLE_NS_ASSERTIONS = NO;
				ENABLE_STRICT_OBJC_MSGSEND = YES;
				GCC_C_LANGUAGE_STANDARD = gnu99;
				GCC_NO_COMMON_BLOCKS = YES;
				GCC_WARN_64_TO_32_BIT_CONVERSION = YES;
				GCC_WARN_ABOUT_RETURN_TYPE = YES_ERROR;
				GCC_WARN_UNDECLARED_SELECTOR = YES;
				GCC_WARN_UNINITIALIZED_AUTOS = YES_AGGRESSIVE;
				GCC_WARN_UNUSED_FUNCTION = YES;
				GCC_WARN_UNUSED_VARIABLE = YES;
				IPHONEOS_DEPLOYMENT_TARGET = 8.4;
				MTL_ENABLE_DEBUG_INFO = NO;
				SDKROOT = iphoneos;
				TARGETED_DEVICE_FAMILY = "1,2";
				VALIDATE_PRODUCT = YES;
			};
			name = Release;
		};
		EE9F5BAA1B9D38F600504355 /* Debug */ = {
			isa = XCBuildConfiguration;
			buildSettings = {
				ASSETCATALOG_COMPILER_APPICON_NAME = AppIcon;
				INFOPLIST_FILE = handsup/Info.plist;
				LD_RUNPATH_SEARCH_PATHS = "$(inherited) @executable_path/Frameworks";
				LIBRARY_SEARCH_PATHS = (
					"$(inherited)",
					"$(PROJECT_DIR)/libWeiboSDK",
				);
				OTHER_LDFLAGS = "-ObjC";
				PRODUCT_NAME = "$(TARGET_NAME)";
			};
			name = Debug;
		};
		EE9F5BAB1B9D38F600504355 /* Release */ = {
			isa = XCBuildConfiguration;
			buildSettings = {
				ASSETCATALOG_COMPILER_APPICON_NAME = AppIcon;
				INFOPLIST_FILE = handsup/Info.plist;
				LD_RUNPATH_SEARCH_PATHS = "$(inherited) @executable_path/Frameworks";
				LIBRARY_SEARCH_PATHS = (
					"$(inherited)",
					"$(PROJECT_DIR)/libWeiboSDK",
				);
				OTHER_LDFLAGS = "-ObjC";
				PRODUCT_NAME = "$(TARGET_NAME)";
			};
			name = Release;
		};
		EE9F5BAD1B9D38F600504355 /* Debug */ = {
			isa = XCBuildConfiguration;
			buildSettings = {
				BUNDLE_LOADER = "$(TEST_HOST)";
				FRAMEWORK_SEARCH_PATHS = (
					"$(SDKROOT)/Developer/Library/Frameworks",
					"$(inherited)",
				);
				GCC_PREPROCESSOR_DEFINITIONS = (
					"DEBUG=1",
					"$(inherited)",
				);
				INFOPLIST_FILE = handsupTests/Info.plist;
				LD_RUNPATH_SEARCH_PATHS = "$(inherited) @executable_path/Frameworks @loader_path/Frameworks";
				PRODUCT_NAME = "$(TARGET_NAME)";
				TEST_HOST = "$(BUILT_PRODUCTS_DIR)/handsup.app/handsup";
			};
			name = Debug;
		};
		EE9F5BAE1B9D38F600504355 /* Release */ = {
			isa = XCBuildConfiguration;
			buildSettings = {
				BUNDLE_LOADER = "$(TEST_HOST)";
				FRAMEWORK_SEARCH_PATHS = (
					"$(SDKROOT)/Developer/Library/Frameworks",
					"$(inherited)",
				);
				INFOPLIST_FILE = handsupTests/Info.plist;
				LD_RUNPATH_SEARCH_PATHS = "$(inherited) @executable_path/Frameworks @loader_path/Frameworks";
				PRODUCT_NAME = "$(TARGET_NAME)";
				TEST_HOST = "$(BUILT_PRODUCTS_DIR)/handsup.app/handsup";
			};
			name = Release;
		};
/* End XCBuildConfiguration section */

/* Begin XCConfigurationList section */
		EE9F5B7E1B9D38F600504355 /* Build configuration list for PBXProject "handsup" */ = {
			isa = XCConfigurationList;
			buildConfigurations = (
				EE9F5BA71B9D38F600504355 /* Debug */,
				EE9F5BA81B9D38F600504355 /* Release */,
			);
			defaultConfigurationIsVisible = 0;
			defaultConfigurationName = Release;
		};
		EE9F5BA91B9D38F600504355 /* Build configuration list for PBXNativeTarget "handsup" */ = {
			isa = XCConfigurationList;
			buildConfigurations = (
				EE9F5BAA1B9D38F600504355 /* Debug */,
				EE9F5BAB1B9D38F600504355 /* Release */,
			);
			defaultConfigurationIsVisible = 0;
			defaultConfigurationName = Release;
		};
		EE9F5BAC1B9D38F600504355 /* Build configuration list for PBXNativeTarget "handsupTests" */ = {
			isa = XCConfigurationList;
			buildConfigurations = (
				EE9F5BAD1B9D38F600504355 /* Debug */,
				EE9F5BAE1B9D38F600504355 /* Release */,
			);
			defaultConfigurationIsVisible = 0;
			defaultConfigurationName = Release;
		};
/* End XCConfigurationList section */

/* Begin XCVersionGroup section */
		EE90F6A11BA2D3DE002C93E3 /* CatchUpModel.xcdatamodeld */ = {
			isa = XCVersionGroup;
			children = (
				EE90F6A21BA2D3DE002C93E3 /* CatchUpModel.xcdatamodel */,
			);
			currentVersion = EE90F6A21BA2D3DE002C93E3 /* CatchUpModel.xcdatamodel */;
			path = CatchUpModel.xcdatamodeld;
			sourceTree = "<group>";
			versionGroupType = wrapper.xcdatamodel;
		};
		EEB667EC1BA273E700C37B29 /* HandsUpModel.xcdatamodeld */ = {
			isa = XCVersionGroup;
			children = (
				EEB667ED1BA273E700C37B29 /* HandsUpModel.xcdatamodel */,
			);
			currentVersion = EEB667ED1BA273E700C37B29 /* HandsUpModel.xcdatamodel */;
			path = HandsUpModel.xcdatamodeld;
			sourceTree = "<group>";
			versionGroupType = wrapper.xcdatamodel;
		};
		EEDC04791B9FEE8400600366 /* LoginModel.xcdatamodeld */ = {
			isa = XCVersionGroup;
			children = (
				EEDC047A1B9FEE8400600366 /* LoginModel.xcdatamodel */,
			);
			currentVersion = EEDC047A1B9FEE8400600366 /* LoginModel.xcdatamodel */;
			path = LoginModel.xcdatamodeld;
			sourceTree = "<group>";
			versionGroupType = wrapper.xcdatamodel;
		};
/* End XCVersionGroup section */
	};
	rootObject = EE9F5B7B1B9D38F600504355 /* Project object */;
}
