// !$*UTF8*$!
{
	archiveVersion = 1;
	classes = {
	};
	objectVersion = 46;
	objects = {

/* Begin PBXBuildFile section */
		EE9F5B891B9D38F600504355 /* main.m in Sources */ = {isa = PBXBuildFile; fileRef = EE9F5B881B9D38F600504355 /* main.m */; };
		EE9F5B8C1B9D38F600504355 /* AppDelegate.m in Sources */ = {isa = PBXBuildFile; fileRef = EE9F5B8B1B9D38F600504355 /* AppDelegate.m */; };
		EE9F5B921B9D38F600504355 /* ViewController.m in Sources */ = {isa = PBXBuildFile; fileRef = EE9F5B911B9D38F600504355 /* ViewController.m */; };
		EE9F5B951B9D38F600504355 /* Main.storyboard in Resources */ = {isa = PBXBuildFile; fileRef = EE9F5B931B9D38F600504355 /* Main.storyboard */; };
		EE9F5B971B9D38F600504355 /* Images.xcassets in Resources */ = {isa = PBXBuildFile; fileRef = EE9F5B961B9D38F600504355 /* Images.xcassets */; };
		EE9F5B9A1B9D38F600504355 /* LaunchScreen.xib in Resources */ = {isa = PBXBuildFile; fileRef = EE9F5B981B9D38F600504355 /* LaunchScreen.xib */; };
		EE9F5BA61B9D38F600504355 /* handsupTests.m in Sources */ = {isa = PBXBuildFile; fileRef = EE9F5BA51B9D38F600504355 /* handsupTests.m */; };
		EE9F5BB91B9D3D7500504355 /* Localizable.strings in Resources */ = {isa = PBXBuildFile; fileRef = EE9F5BB71B9D3D7200504355 /* Localizable.strings */; };
		EE9F5BBD1B9D3D9000504355 /* InfoPlist.strings in Resources */ = {isa = PBXBuildFile; fileRef = EE9F5BBF1B9D3D9000504355 /* InfoPlist.strings */; };
		EEAD44DA1B9D45E8000E5EE0 /* HandsUpApp.mobileprovision in Resources */ = {isa = PBXBuildFile; fileRef = EEAD44D91B9D45E8000E5EE0 /* HandsUpApp.mobileprovision */; };
		EEAD45611B9D47E5000E5EE0 /* INTUAnimationEngine.m in Sources */ = {isa = PBXBuildFile; fileRef = EEAD45581B9D47E5000E5EE0 /* INTUAnimationEngine.m */; };
		EEAD45621B9D47E5000E5EE0 /* INTUEasingFunctions.m in Sources */ = {isa = PBXBuildFile; fileRef = EEAD455A1B9D47E5000E5EE0 /* INTUEasingFunctions.m */; };
		EEAD45631B9D47E5000E5EE0 /* INTUInterpolationFunctions.m in Sources */ = {isa = PBXBuildFile; fileRef = EEAD455C1B9D47E5000E5EE0 /* INTUInterpolationFunctions.m */; };
		EEAD45641B9D47E5000E5EE0 /* INTUSpringSolver.c in Sources */ = {isa = PBXBuildFile; fileRef = EEAD455E1B9D47E5000E5EE0 /* INTUSpringSolver.c */; };
		EEAD45681B9D47EA000E5EE0 /* RemoteInstance.m in Sources */ = {isa = PBXBuildFile; fileRef = EEAD45671B9D47EA000E5EE0 /* RemoteInstance.m */; };
		EEAD45721B9D47F0000E5EE0 /* Reachability.m in Sources */ = {isa = PBXBuildFile; fileRef = EEAD456E1B9D47F0000E5EE0 /* Reachability.m */; };
		EEAD45731B9D47F0000E5EE0 /* TmpFileStorageModel.m in Sources */ = {isa = PBXBuildFile; fileRef = EEAD45711B9D47F0000E5EE0 /* TmpFileStorageModel.m */; };
		EEAD45951B9D4807000E5EE0 /* BWStatusBarOverlay.m in Sources */ = {isa = PBXBuildFile; fileRef = EEAD45831B9D4807000E5EE0 /* BWStatusBarOverlay.m */; };
		EEAD45961B9D4807000E5EE0 /* status-bar-pattern-black.jpg in Resources */ = {isa = PBXBuildFile; fileRef = EEAD45841B9D4807000E5EE0 /* status-bar-pattern-black.jpg */; };
		EEAD45971B9D4807000E5EE0 /* status-bar-pattern-black@2x.jpg in Resources */ = {isa = PBXBuildFile; fileRef = EEAD45851B9D4807000E5EE0 /* status-bar-pattern-black@2x.jpg */; };
		EEAD45981B9D4807000E5EE0 /* status-bar-pattern-default.jpg in Resources */ = {isa = PBXBuildFile; fileRef = EEAD45861B9D4807000E5EE0 /* status-bar-pattern-default.jpg */; };
		EEAD45991B9D4807000E5EE0 /* status-bar-pattern-default@2x.jpg in Resources */ = {isa = PBXBuildFile; fileRef = EEAD45871B9D4807000E5EE0 /* status-bar-pattern-default@2x.jpg */; };
		EEAD459A1B9D4807000E5EE0 /* status-bar-progress.png in Resources */ = {isa = PBXBuildFile; fileRef = EEAD45881B9D4807000E5EE0 /* status-bar-progress.png */; };
		EEAD459B1B9D4807000E5EE0 /* status-bar-progress@2x.png in Resources */ = {isa = PBXBuildFile; fileRef = EEAD45891B9D4807000E5EE0 /* status-bar-progress@2x.png */; };
		EEAD459C1B9D4807000E5EE0 /* SGActionView.m in Sources */ = {isa = PBXBuildFile; fileRef = EEAD458C1B9D4807000E5EE0 /* SGActionView.m */; };
		EEAD459D1B9D4807000E5EE0 /* SGAlertMenu.m in Sources */ = {isa = PBXBuildFile; fileRef = EEAD458E1B9D4807000E5EE0 /* SGAlertMenu.m */; };
		EEAD459E1B9D4807000E5EE0 /* SGBaseMenu.m in Sources */ = {isa = PBXBuildFile; fileRef = EEAD45901B9D4807000E5EE0 /* SGBaseMenu.m */; };
		EEAD459F1B9D4807000E5EE0 /* SGGridMenu.m in Sources */ = {isa = PBXBuildFile; fileRef = EEAD45921B9D4807000E5EE0 /* SGGridMenu.m */; };
		EEAD45A01B9D4807000E5EE0 /* SGSheetMenu.m in Sources */ = {isa = PBXBuildFile; fileRef = EEAD45941B9D4807000E5EE0 /* SGSheetMenu.m */; };
		EEAD45A41B9D4B9F000E5EE0 /* HandsUpSegue.m in Sources */ = {isa = PBXBuildFile; fileRef = EEAD45A31B9D4B9F000E5EE0 /* HandsUpSegue.m */; };
		EEAD45A71B9D4EC3000E5EE0 /* HandsUpController.m in Sources */ = {isa = PBXBuildFile; fileRef = EEAD45A61B9D4EC3000E5EE0 /* HandsUpController.m */; };
		EEAD45AA1B9D4F11000E5EE0 /* CatchUpController.m in Sources */ = {isa = PBXBuildFile; fileRef = EEAD45A91B9D4F11000E5EE0 /* CatchUpController.m */; };
		EEAD45AD1B9D5F6B000E5EE0 /* CatchUpSegue.m in Sources */ = {isa = PBXBuildFile; fileRef = EEAD45AC1B9D5F6B000E5EE0 /* CatchUpSegue.m */; };
		EEAD45B01B9D6599000E5EE0 /* InfoStationController.m in Sources */ = {isa = PBXBuildFile; fileRef = EEAD45AF1B9D6599000E5EE0 /* InfoStationController.m */; };
		EEAD45B31B9D72B1000E5EE0 /* InfoSegue.m in Sources */ = {isa = PBXBuildFile; fileRef = EEAD45B21B9D72B1000E5EE0 /* InfoSegue.m */; };
		EEC9B4CE1B9E8489006806ED /* MainViewController.m in Sources */ = {isa = PBXBuildFile; fileRef = EEC9B4CD1B9E8489006806ED /* MainViewController.m */; };
/* End PBXBuildFile section */

/* Begin PBXContainerItemProxy section */
		EE9F5BA01B9D38F600504355 /* PBXContainerItemProxy */ = {
			isa = PBXContainerItemProxy;
			containerPortal = EE9F5B7B1B9D38F600504355 /* Project object */;
			proxyType = 1;
			remoteGlobalIDString = EE9F5B821B9D38F600504355;
			remoteInfo = handsup;
		};
/* End PBXContainerItemProxy section */

/* Begin PBXFileReference section */
		EE9F5B831B9D38F600504355 /* handsup.app */ = {isa = PBXFileReference; explicitFileType = wrapper.application; includeInIndex = 0; path = handsup.app; sourceTree = BUILT_PRODUCTS_DIR; };
		EE9F5B871B9D38F600504355 /* Info.plist */ = {isa = PBXFileReference; lastKnownFileType = text.plist.xml; path = Info.plist; sourceTree = "<group>"; };
		EE9F5B881B9D38F600504355 /* main.m */ = {isa = PBXFileReference; lastKnownFileType = sourcecode.c.objc; path = main.m; sourceTree = "<group>"; };
		EE9F5B8A1B9D38F600504355 /* AppDelegate.h */ = {isa = PBXFileReference; lastKnownFileType = sourcecode.c.h; path = AppDelegate.h; sourceTree = "<group>"; };
		EE9F5B8B1B9D38F600504355 /* AppDelegate.m */ = {isa = PBXFileReference; lastKnownFileType = sourcecode.c.objc; path = AppDelegate.m; sourceTree = "<group>"; };
		EE9F5B901B9D38F600504355 /* ViewController.h */ = {isa = PBXFileReference; lastKnownFileType = sourcecode.c.h; path = ViewController.h; sourceTree = "<group>"; };
		EE9F5B911B9D38F600504355 /* ViewController.m */ = {isa = PBXFileReference; lastKnownFileType = sourcecode.c.objc; path = ViewController.m; sourceTree = "<group>"; };
		EE9F5B941B9D38F600504355 /* Base */ = {isa = PBXFileReference; lastKnownFileType = file.storyboard; name = Base; path = Base.lproj/Main.storyboard; sourceTree = "<group>"; };
		EE9F5B961B9D38F600504355 /* Images.xcassets */ = {isa = PBXFileReference; lastKnownFileType = folder.assetcatalog; path = Images.xcassets; sourceTree = "<group>"; };
		EE9F5B991B9D38F600504355 /* Base */ = {isa = PBXFileReference; lastKnownFileType = file.xib; name = Base; path = Base.lproj/LaunchScreen.xib; sourceTree = "<group>"; };
		EE9F5B9F1B9D38F600504355 /* handsupTests.xctest */ = {isa = PBXFileReference; explicitFileType = wrapper.cfbundle; includeInIndex = 0; path = handsupTests.xctest; sourceTree = BUILT_PRODUCTS_DIR; };
		EE9F5BA41B9D38F600504355 /* Info.plist */ = {isa = PBXFileReference; lastKnownFileType = text.plist.xml; path = Info.plist; sourceTree = "<group>"; };
		EE9F5BA51B9D38F600504355 /* handsupTests.m */ = {isa = PBXFileReference; lastKnownFileType = sourcecode.c.objc; path = handsupTests.m; sourceTree = "<group>"; };
		EE9F5BB11B9D3D1800504355 /* zh-Hans */ = {isa = PBXFileReference; lastKnownFileType = text.plist.strings; name = "zh-Hans"; path = "zh-Hans.lproj/Main.strings"; sourceTree = "<group>"; };
		EE9F5BB21B9D3D1800504355 /* zh-Hans */ = {isa = PBXFileReference; lastKnownFileType = text.plist.strings; name = "zh-Hans"; path = "zh-Hans.lproj/LaunchScreen.strings"; sourceTree = "<group>"; };
		EE9F5BB61B9D3D7200504355 /* Base */ = {isa = PBXFileReference; lastKnownFileType = text.plist.strings; name = Base; path = Base.lproj/Localizable.strings; sourceTree = "<group>"; };
		EE9F5BBA1B9D3D7500504355 /* zh-Hans */ = {isa = PBXFileReference; lastKnownFileType = text.plist.strings; name = "zh-Hans"; path = "zh-Hans.lproj/Localizable.strings"; sourceTree = "<group>"; };
		EE9F5BBE1B9D3D9000504355 /* Base */ = {isa = PBXFileReference; lastKnownFileType = text.plist.strings; name = Base; path = Base.lproj/InfoPlist.strings; sourceTree = "<group>"; };
		EE9F5BC01B9D3D9100504355 /* zh-Hans */ = {isa = PBXFileReference; lastKnownFileType = text.plist.strings; name = "zh-Hans"; path = "zh-Hans.lproj/InfoPlist.strings"; sourceTree = "<group>"; };
		EEAD44D91B9D45E8000E5EE0 /* HandsUpApp.mobileprovision */ = {isa = PBXFileReference; lastKnownFileType = file; path = HandsUpApp.mobileprovision; sourceTree = "<group>"; };
		EEAD45571B9D47E5000E5EE0 /* INTUAnimationEngine.h */ = {isa = PBXFileReference; fileEncoding = 4; lastKnownFileType = sourcecode.c.h; path = INTUAnimationEngine.h; sourceTree = "<group>"; };
		EEAD45581B9D47E5000E5EE0 /* INTUAnimationEngine.m */ = {isa = PBXFileReference; fileEncoding = 4; lastKnownFileType = sourcecode.c.objc; path = INTUAnimationEngine.m; sourceTree = "<group>"; };
		EEAD45591B9D47E5000E5EE0 /* INTUEasingFunctions.h */ = {isa = PBXFileReference; fileEncoding = 4; lastKnownFileType = sourcecode.c.h; path = INTUEasingFunctions.h; sourceTree = "<group>"; };
		EEAD455A1B9D47E5000E5EE0 /* INTUEasingFunctions.m */ = {isa = PBXFileReference; fileEncoding = 4; lastKnownFileType = sourcecode.c.objc; path = INTUEasingFunctions.m; sourceTree = "<group>"; };
		EEAD455B1B9D47E5000E5EE0 /* INTUInterpolationFunctions.h */ = {isa = PBXFileReference; fileEncoding = 4; lastKnownFileType = sourcecode.c.h; path = INTUInterpolationFunctions.h; sourceTree = "<group>"; };
		EEAD455C1B9D47E5000E5EE0 /* INTUInterpolationFunctions.m */ = {isa = PBXFileReference; fileEncoding = 4; lastKnownFileType = sourcecode.c.objc; path = INTUInterpolationFunctions.m; sourceTree = "<group>"; };
		EEAD455E1B9D47E5000E5EE0 /* INTUSpringSolver.c */ = {isa = PBXFileReference; fileEncoding = 4; lastKnownFileType = sourcecode.c.c; path = INTUSpringSolver.c; sourceTree = "<group>"; };
		EEAD455F1B9D47E5000E5EE0 /* INTUSpringSolver.h */ = {isa = PBXFileReference; fileEncoding = 4; lastKnownFileType = sourcecode.c.h; path = INTUSpringSolver.h; sourceTree = "<group>"; };
		EEAD45601B9D47E5000E5EE0 /* INTUVector.h */ = {isa = PBXFileReference; fileEncoding = 4; lastKnownFileType = sourcecode.c.h; path = INTUVector.h; sourceTree = "<group>"; };
		EEAD45661B9D47EA000E5EE0 /* RemoteInstance.h */ = {isa = PBXFileReference; fileEncoding = 4; lastKnownFileType = sourcecode.c.h; path = RemoteInstance.h; sourceTree = "<group>"; };
		EEAD45671B9D47EA000E5EE0 /* RemoteInstance.m */ = {isa = PBXFileReference; fileEncoding = 4; lastKnownFileType = sourcecode.c.objc; path = RemoteInstance.m; sourceTree = "<group>"; };
		EEAD456B1B9D47F0000E5EE0 /* ModelDefines.h */ = {isa = PBXFileReference; fileEncoding = 4; lastKnownFileType = sourcecode.c.h; path = ModelDefines.h; sourceTree = "<group>"; };
		EEAD456D1B9D47F0000E5EE0 /* Reachability.h */ = {isa = PBXFileReference; fileEncoding = 4; lastKnownFileType = sourcecode.c.h; path = Reachability.h; sourceTree = "<group>"; };
		EEAD456E1B9D47F0000E5EE0 /* Reachability.m */ = {isa = PBXFileReference; fileEncoding = 4; lastKnownFileType = sourcecode.c.objc; path = Reachability.m; sourceTree = "<group>"; };
		EEAD45701B9D47F0000E5EE0 /* TmpFileStorageModel.h */ = {isa = PBXFileReference; fileEncoding = 4; lastKnownFileType = sourcecode.c.h; path = TmpFileStorageModel.h; sourceTree = "<group>"; };
		EEAD45711B9D47F0000E5EE0 /* TmpFileStorageModel.m */ = {isa = PBXFileReference; fileEncoding = 4; lastKnownFileType = sourcecode.c.objc; path = TmpFileStorageModel.m; sourceTree = "<group>"; };
		EEAD45821B9D4807000E5EE0 /* BWStatusBarOverlay.h */ = {isa = PBXFileReference; fileEncoding = 4; lastKnownFileType = sourcecode.c.h; path = BWStatusBarOverlay.h; sourceTree = "<group>"; };
		EEAD45831B9D4807000E5EE0 /* BWStatusBarOverlay.m */ = {isa = PBXFileReference; fileEncoding = 4; lastKnownFileType = sourcecode.c.objc; path = BWStatusBarOverlay.m; sourceTree = "<group>"; };
		EEAD45841B9D4807000E5EE0 /* status-bar-pattern-black.jpg */ = {isa = PBXFileReference; lastKnownFileType = image.jpeg; path = "status-bar-pattern-black.jpg"; sourceTree = "<group>"; };
		EEAD45851B9D4807000E5EE0 /* status-bar-pattern-black@2x.jpg */ = {isa = PBXFileReference; lastKnownFileType = image.jpeg; path = "status-bar-pattern-black@2x.jpg"; sourceTree = "<group>"; };
		EEAD45861B9D4807000E5EE0 /* status-bar-pattern-default.jpg */ = {isa = PBXFileReference; lastKnownFileType = image.jpeg; path = "status-bar-pattern-default.jpg"; sourceTree = "<group>"; };
		EEAD45871B9D4807000E5EE0 /* status-bar-pattern-default@2x.jpg */ = {isa = PBXFileReference; lastKnownFileType = image.jpeg; path = "status-bar-pattern-default@2x.jpg"; sourceTree = "<group>"; };
		EEAD45881B9D4807000E5EE0 /* status-bar-progress.png */ = {isa = PBXFileReference; lastKnownFileType = image.png; path = "status-bar-progress.png"; sourceTree = "<group>"; };
		EEAD45891B9D4807000E5EE0 /* status-bar-progress@2x.png */ = {isa = PBXFileReference; lastKnownFileType = image.png; path = "status-bar-progress@2x.png"; sourceTree = "<group>"; };
		EEAD458B1B9D4807000E5EE0 /* SGActionView.h */ = {isa = PBXFileReference; fileEncoding = 4; lastKnownFileType = sourcecode.c.h; path = SGActionView.h; sourceTree = "<group>"; };
		EEAD458C1B9D4807000E5EE0 /* SGActionView.m */ = {isa = PBXFileReference; fileEncoding = 4; lastKnownFileType = sourcecode.c.objc; path = SGActionView.m; sourceTree = "<group>"; };
		EEAD458D1B9D4807000E5EE0 /* SGAlertMenu.h */ = {isa = PBXFileReference; fileEncoding = 4; lastKnownFileType = sourcecode.c.h; path = SGAlertMenu.h; sourceTree = "<group>"; };
		EEAD458E1B9D4807000E5EE0 /* SGAlertMenu.m */ = {isa = PBXFileReference; fileEncoding = 4; lastKnownFileType = sourcecode.c.objc; path = SGAlertMenu.m; sourceTree = "<group>"; };
		EEAD458F1B9D4807000E5EE0 /* SGBaseMenu.h */ = {isa = PBXFileReference; fileEncoding = 4; lastKnownFileType = sourcecode.c.h; path = SGBaseMenu.h; sourceTree = "<group>"; };
		EEAD45901B9D4807000E5EE0 /* SGBaseMenu.m */ = {isa = PBXFileReference; fileEncoding = 4; lastKnownFileType = sourcecode.c.objc; path = SGBaseMenu.m; sourceTree = "<group>"; };
		EEAD45911B9D4807000E5EE0 /* SGGridMenu.h */ = {isa = PBXFileReference; fileEncoding = 4; lastKnownFileType = sourcecode.c.h; path = SGGridMenu.h; sourceTree = "<group>"; };
		EEAD45921B9D4807000E5EE0 /* SGGridMenu.m */ = {isa = PBXFileReference; fileEncoding = 4; lastKnownFileType = sourcecode.c.objc; path = SGGridMenu.m; sourceTree = "<group>"; };
		EEAD45931B9D4807000E5EE0 /* SGSheetMenu.h */ = {isa = PBXFileReference; fileEncoding = 4; lastKnownFileType = sourcecode.c.h; path = SGSheetMenu.h; sourceTree = "<group>"; };
		EEAD45941B9D4807000E5EE0 /* SGSheetMenu.m */ = {isa = PBXFileReference; fileEncoding = 4; lastKnownFileType = sourcecode.c.objc; path = SGSheetMenu.m; sourceTree = "<group>"; };
		EEAD45A21B9D4B9F000E5EE0 /* HandsUpSegue.h */ = {isa = PBXFileReference; fileEncoding = 4; lastKnownFileType = sourcecode.c.h; path = HandsUpSegue.h; sourceTree = "<group>"; };
		EEAD45A31B9D4B9F000E5EE0 /* HandsUpSegue.m */ = {isa = PBXFileReference; fileEncoding = 4; lastKnownFileType = sourcecode.c.objc; path = HandsUpSegue.m; sourceTree = "<group>"; };
		EEAD45A51B9D4EC3000E5EE0 /* HandsUpController.h */ = {isa = PBXFileReference; fileEncoding = 4; lastKnownFileType = sourcecode.c.h; path = HandsUpController.h; sourceTree = "<group>"; };
		EEAD45A61B9D4EC3000E5EE0 /* HandsUpController.m */ = {isa = PBXFileReference; fileEncoding = 4; lastKnownFileType = sourcecode.c.objc; path = HandsUpController.m; sourceTree = "<group>"; };
		EEAD45A81B9D4F11000E5EE0 /* CatchUpController.h */ = {isa = PBXFileReference; fileEncoding = 4; lastKnownFileType = sourcecode.c.h; path = CatchUpController.h; sourceTree = "<group>"; };
		EEAD45A91B9D4F11000E5EE0 /* CatchUpController.m */ = {isa = PBXFileReference; fileEncoding = 4; lastKnownFileType = sourcecode.c.objc; path = CatchUpController.m; sourceTree = "<group>"; };
		EEAD45AB1B9D5F6B000E5EE0 /* CatchUpSegue.h */ = {isa = PBXFileReference; fileEncoding = 4; lastKnownFileType = sourcecode.c.h; path = CatchUpSegue.h; sourceTree = "<group>"; };
		EEAD45AC1B9D5F6B000E5EE0 /* CatchUpSegue.m */ = {isa = PBXFileReference; fileEncoding = 4; lastKnownFileType = sourcecode.c.objc; path = CatchUpSegue.m; sourceTree = "<group>"; };
		EEAD45AE1B9D6599000E5EE0 /* InfoStationController.h */ = {isa = PBXFileReference; fileEncoding = 4; lastKnownFileType = sourcecode.c.h; path = InfoStationController.h; sourceTree = "<group>"; };
		EEAD45AF1B9D6599000E5EE0 /* InfoStationController.m */ = {isa = PBXFileReference; fileEncoding = 4; lastKnownFileType = sourcecode.c.objc; path = InfoStationController.m; sourceTree = "<group>"; };
		EEAD45B11B9D72B1000E5EE0 /* InfoSegue.h */ = {isa = PBXFileReference; fileEncoding = 4; lastKnownFileType = sourcecode.c.h; path = InfoSegue.h; sourceTree = "<group>"; };
		EEAD45B21B9D72B1000E5EE0 /* InfoSegue.m */ = {isa = PBXFileReference; fileEncoding = 4; lastKnownFileType = sourcecode.c.objc; path = InfoSegue.m; sourceTree = "<group>"; };
		EEC9B4CC1B9E8489006806ED /* MainViewController.h */ = {isa = PBXFileReference; fileEncoding = 4; lastKnownFileType = sourcecode.c.h; path = MainViewController.h; sourceTree = "<group>"; };
		EEC9B4CD1B9E8489006806ED /* MainViewController.m */ = {isa = PBXFileReference; fileEncoding = 4; lastKnownFileType = sourcecode.c.objc; path = MainViewController.m; sourceTree = "<group>"; };
/* End PBXFileReference section */

/* Begin PBXFrameworksBuildPhase section */
		EE9F5B801B9D38F600504355 /* Frameworks */ = {
			isa = PBXFrameworksBuildPhase;
			buildActionMask = 2147483647;
			files = (
			);
			runOnlyForDeploymentPostprocessing = 0;
		};
		EE9F5B9C1B9D38F600504355 /* Frameworks */ = {
			isa = PBXFrameworksBuildPhase;
			buildActionMask = 2147483647;
			files = (
			);
			runOnlyForDeploymentPostprocessing = 0;
		};
/* End PBXFrameworksBuildPhase section */

/* Begin PBXGroup section */
		EE9F5B7A1B9D38F600504355 = {
			isa = PBXGroup;
			children = (
				EEAD44D91B9D45E8000E5EE0 /* HandsUpApp.mobileprovision */,
				EE9F5B851B9D38F600504355 /* handsup */,
				EE9F5BA21B9D38F600504355 /* handsupTests */,
				EE9F5B841B9D38F600504355 /* Products */,
			);
			sourceTree = "<group>";
		};
		EE9F5B841B9D38F600504355 /* Products */ = {
			isa = PBXGroup;
			children = (
				EE9F5B831B9D38F600504355 /* handsup.app */,
				EE9F5B9F1B9D38F600504355 /* handsupTests.xctest */,
			);
			name = Products;
			sourceTree = "<group>";
		};
		EE9F5B851B9D38F600504355 /* handsup */ = {
			isa = PBXGroup;
			children = (
				EEAD45A11B9D4B5D000E5EE0 /* Animations */,
				EEAD45801B9D4807000E5EE0 /* Views */,
				EEAD457F1B9D4801000E5EE0 /* Controllers */,
				EEAD45691B9D47F0000E5EE0 /* Models */,
				EEAD45651B9D47EA000E5EE0 /* RemoteInstance */,
				EEAD45561B9D47E5000E5EE0 /* INTUAnimationEngine */,
				EE9F5BC11B9D3F5300504355 /* main */,
				EE9F5B861B9D38F600504355 /* Supporting Files */,
			);
			path = handsup;
			sourceTree = "<group>";
		};
		EE9F5B861B9D38F600504355 /* Supporting Files */ = {
			isa = PBXGroup;
			children = (
				EE9F5B871B9D38F600504355 /* Info.plist */,
				EE9F5B881B9D38F600504355 /* main.m */,
				EE9F5BB71B9D3D7200504355 /* Localizable.strings */,
				EE9F5BBF1B9D3D9000504355 /* InfoPlist.strings */,
			);
			name = "Supporting Files";
			sourceTree = "<group>";
		};
		EE9F5BA21B9D38F600504355 /* handsupTests */ = {
			isa = PBXGroup;
			children = (
				EE9F5BA51B9D38F600504355 /* handsupTests.m */,
				EE9F5BA31B9D38F600504355 /* Supporting Files */,
			);
			path = handsupTests;
			sourceTree = "<group>";
		};
		EE9F5BA31B9D38F600504355 /* Supporting Files */ = {
			isa = PBXGroup;
			children = (
				EE9F5BA41B9D38F600504355 /* Info.plist */,
			);
			name = "Supporting Files";
			sourceTree = "<group>";
		};
		EE9F5BC11B9D3F5300504355 /* main */ = {
			isa = PBXGroup;
			children = (
				EE9F5B8A1B9D38F600504355 /* AppDelegate.h */,
				EE9F5B8B1B9D38F600504355 /* AppDelegate.m */,
				EE9F5B901B9D38F600504355 /* ViewController.h */,
				EE9F5B911B9D38F600504355 /* ViewController.m */,
				EE9F5B931B9D38F600504355 /* Main.storyboard */,
				EE9F5B961B9D38F600504355 /* Images.xcassets */,
				EE9F5B981B9D38F600504355 /* LaunchScreen.xib */,
			);
			name = main;
			sourceTree = "<group>";
		};
		EEAD45561B9D47E5000E5EE0 /* INTUAnimationEngine */ = {
			isa = PBXGroup;
			children = (
				EEAD45571B9D47E5000E5EE0 /* INTUAnimationEngine.h */,
				EEAD45581B9D47E5000E5EE0 /* INTUAnimationEngine.m */,
				EEAD45591B9D47E5000E5EE0 /* INTUEasingFunctions.h */,
				EEAD455A1B9D47E5000E5EE0 /* INTUEasingFunctions.m */,
				EEAD455B1B9D47E5000E5EE0 /* INTUInterpolationFunctions.h */,
				EEAD455C1B9D47E5000E5EE0 /* INTUInterpolationFunctions.m */,
				EEAD455D1B9D47E5000E5EE0 /* SpringSolver */,
			);
			path = INTUAnimationEngine;
			sourceTree = "<group>";
		};
		EEAD455D1B9D47E5000E5EE0 /* SpringSolver */ = {
			isa = PBXGroup;
			children = (
				EEAD455E1B9D47E5000E5EE0 /* INTUSpringSolver.c */,
				EEAD455F1B9D47E5000E5EE0 /* INTUSpringSolver.h */,
				EEAD45601B9D47E5000E5EE0 /* INTUVector.h */,
			);
			path = SpringSolver;
			sourceTree = "<group>";
		};
		EEAD45651B9D47EA000E5EE0 /* RemoteInstance */ = {
			isa = PBXGroup;
			children = (
				EEAD45661B9D47EA000E5EE0 /* RemoteInstance.h */,
				EEAD45671B9D47EA000E5EE0 /* RemoteInstance.m */,
			);
			path = RemoteInstance;
			sourceTree = "<group>";
		};
		EEAD45691B9D47F0000E5EE0 /* Models */ = {
			isa = PBXGroup;
			children = (
				EEAD456A1B9D47F0000E5EE0 /* Common */,
				EEAD456C1B9D47F0000E5EE0 /* Reachability */,
				EEAD456F1B9D47F0000E5EE0 /* TmpFileStorageModel */,
			);
			path = Models;
			sourceTree = "<group>";
		};
		EEAD456A1B9D47F0000E5EE0 /* Common */ = {
			isa = PBXGroup;
			children = (
				EEAD456B1B9D47F0000E5EE0 /* ModelDefines.h */,
			);
			path = Common;
			sourceTree = "<group>";
		};
		EEAD456C1B9D47F0000E5EE0 /* Reachability */ = {
			isa = PBXGroup;
			children = (
				EEAD456D1B9D47F0000E5EE0 /* Reachability.h */,
				EEAD456E1B9D47F0000E5EE0 /* Reachability.m */,
			);
			path = Reachability;
			sourceTree = "<group>";
		};
		EEAD456F1B9D47F0000E5EE0 /* TmpFileStorageModel */ = {
			isa = PBXGroup;
			children = (
				EEAD45701B9D47F0000E5EE0 /* TmpFileStorageModel.h */,
				EEAD45711B9D47F0000E5EE0 /* TmpFileStorageModel.m */,
			);
			path = TmpFileStorageModel;
			sourceTree = "<group>";
		};
		EEAD457F1B9D4801000E5EE0 /* Controllers */ = {
			isa = PBXGroup;
			children = (
				EEAD45A51B9D4EC3000E5EE0 /* HandsUpController.h */,
				EEAD45A61B9D4EC3000E5EE0 /* HandsUpController.m */,
				EEAD45A81B9D4F11000E5EE0 /* CatchUpController.h */,
				EEAD45A91B9D4F11000E5EE0 /* CatchUpController.m */,
				EEAD45AE1B9D6599000E5EE0 /* InfoStationController.h */,
				EEAD45AF1B9D6599000E5EE0 /* InfoStationController.m */,
				EEC9B4CC1B9E8489006806ED /* MainViewController.h */,
				EEC9B4CD1B9E8489006806ED /* MainViewController.m */,
			);
			path = Controllers;
			sourceTree = "<group>";
		};
		EEAD45801B9D4807000E5EE0 /* Views */ = {
			isa = PBXGroup;
			children = (
				EEAD45811B9D4807000E5EE0 /* BWStatusBarOverlay */,
				EEAD458A1B9D4807000E5EE0 /* SGActionView */,
			);
			path = Views;
			sourceTree = "<group>";
		};
		EEAD45811B9D4807000E5EE0 /* BWStatusBarOverlay */ = {
			isa = PBXGroup;
			children = (
				EEAD45821B9D4807000E5EE0 /* BWStatusBarOverlay.h */,
				EEAD45831B9D4807000E5EE0 /* BWStatusBarOverlay.m */,
				EEAD45841B9D4807000E5EE0 /* status-bar-pattern-black.jpg */,
				EEAD45851B9D4807000E5EE0 /* status-bar-pattern-black@2x.jpg */,
				EEAD45861B9D4807000E5EE0 /* status-bar-pattern-default.jpg */,
				EEAD45871B9D4807000E5EE0 /* status-bar-pattern-default@2x.jpg */,
				EEAD45881B9D4807000E5EE0 /* status-bar-progress.png */,
				EEAD45891B9D4807000E5EE0 /* status-bar-progress@2x.png */,
			);
			path = BWStatusBarOverlay;
			sourceTree = "<group>";
		};
		EEAD458A1B9D4807000E5EE0 /* SGActionView */ = {
			isa = PBXGroup;
			children = (
				EEAD458B1B9D4807000E5EE0 /* SGActionView.h */,
				EEAD458C1B9D4807000E5EE0 /* SGActionView.m */,
				EEAD458D1B9D4807000E5EE0 /* SGAlertMenu.h */,
				EEAD458E1B9D4807000E5EE0 /* SGAlertMenu.m */,
				EEAD458F1B9D4807000E5EE0 /* SGBaseMenu.h */,
				EEAD45901B9D4807000E5EE0 /* SGBaseMenu.m */,
				EEAD45911B9D4807000E5EE0 /* SGGridMenu.h */,
				EEAD45921B9D4807000E5EE0 /* SGGridMenu.m */,
				EEAD45931B9D4807000E5EE0 /* SGSheetMenu.h */,
				EEAD45941B9D4807000E5EE0 /* SGSheetMenu.m */,
			);
			path = SGActionView;
			sourceTree = "<group>";
		};
		EEAD45A11B9D4B5D000E5EE0 /* Animations */ = {
			isa = PBXGroup;
			children = (
				EEAD45A21B9D4B9F000E5EE0 /* HandsUpSegue.h */,
				EEAD45A31B9D4B9F000E5EE0 /* HandsUpSegue.m */,
				EEAD45AB1B9D5F6B000E5EE0 /* CatchUpSegue.h */,
				EEAD45AC1B9D5F6B000E5EE0 /* CatchUpSegue.m */,
				EEAD45B11B9D72B1000E5EE0 /* InfoSegue.h */,
				EEAD45B21B9D72B1000E5EE0 /* InfoSegue.m */,
			);
			path = Animations;
			sourceTree = "<group>";
		};
/* End PBXGroup section */

/* Begin PBXNativeTarget section */
		EE9F5B821B9D38F600504355 /* handsup */ = {
			isa = PBXNativeTarget;
			buildConfigurationList = EE9F5BA91B9D38F600504355 /* Build configuration list for PBXNativeTarget "handsup" */;
			buildPhases = (
				EE9F5B7F1B9D38F600504355 /* Sources */,
				EE9F5B801B9D38F600504355 /* Frameworks */,
				EE9F5B811B9D38F600504355 /* Resources */,
			);
			buildRules = (
			);
			dependencies = (
			);
			name = handsup;
			productName = handsup;
			productReference = EE9F5B831B9D38F600504355 /* handsup.app */;
			productType = "com.apple.product-type.application";
		};
		EE9F5B9E1B9D38F600504355 /* handsupTests */ = {
			isa = PBXNativeTarget;
			buildConfigurationList = EE9F5BAC1B9D38F600504355 /* Build configuration list for PBXNativeTarget "handsupTests" */;
			buildPhases = (
				EE9F5B9B1B9D38F600504355 /* Sources */,
				EE9F5B9C1B9D38F600504355 /* Frameworks */,
				EE9F5B9D1B9D38F600504355 /* Resources */,
			);
			buildRules = (
			);
			dependencies = (
				EE9F5BA11B9D38F600504355 /* PBXTargetDependency */,
			);
			name = handsupTests;
			productName = handsupTests;
			productReference = EE9F5B9F1B9D38F600504355 /* handsupTests.xctest */;
			productType = "com.apple.product-type.bundle.unit-test";
		};
/* End PBXNativeTarget section */

/* Begin PBXProject section */
		EE9F5B7B1B9D38F600504355 /* Project object */ = {
			isa = PBXProject;
			attributes = {
				LastUpgradeCheck = 0640;
				ORGANIZATIONNAME = BlackMirror;
				TargetAttributes = {
					EE9F5B821B9D38F600504355 = {
						CreatedOnToolsVersion = 6.4;
					};
					EE9F5B9E1B9D38F600504355 = {
						CreatedOnToolsVersion = 6.4;
						TestTargetID = EE9F5B821B9D38F600504355;
					};
				};
			};
			buildConfigurationList = EE9F5B7E1B9D38F600504355 /* Build configuration list for PBXProject "handsup" */;
			compatibilityVersion = "Xcode 3.2";
			developmentRegion = English;
			hasScannedForEncodings = 0;
			knownRegions = (
				en,
				Base,
				"zh-Hans",
			);
			mainGroup = EE9F5B7A1B9D38F600504355;
			productRefGroup = EE9F5B841B9D38F600504355 /* Products */;
			projectDirPath = "";
			projectRoot = "";
			targets = (
				EE9F5B821B9D38F600504355 /* handsup */,
				EE9F5B9E1B9D38F600504355 /* handsupTests */,
			);
		};
/* End PBXProject section */

/* Begin PBXResourcesBuildPhase section */
		EE9F5B811B9D38F600504355 /* Resources */ = {
			isa = PBXResourcesBuildPhase;
			buildActionMask = 2147483647;
			files = (
				EEAD459A1B9D4807000E5EE0 /* status-bar-progress.png in Resources */,
				EE9F5B951B9D38F600504355 /* Main.storyboard in Resources */,
				EEAD44DA1B9D45E8000E5EE0 /* HandsUpApp.mobileprovision in Resources */,
				EEAD45961B9D4807000E5EE0 /* status-bar-pattern-black.jpg in Resources */,
				EEAD45971B9D4807000E5EE0 /* status-bar-pattern-black@2x.jpg in Resources */,
				EEAD45981B9D4807000E5EE0 /* status-bar-pattern-default.jpg in Resources */,
				EEAD45991B9D4807000E5EE0 /* status-bar-pattern-default@2x.jpg in Resources */,
				EEAD459B1B9D4807000E5EE0 /* status-bar-progress@2x.png in Resources */,
				EE9F5BB91B9D3D7500504355 /* Localizable.strings in Resources */,
				EE9F5B9A1B9D38F600504355 /* LaunchScreen.xib in Resources */,
				EE9F5B971B9D38F600504355 /* Images.xcassets in Resources */,
				EE9F5BBD1B9D3D9000504355 /* InfoPlist.strings in Resources */,
			);
			runOnlyForDeploymentPostprocessing = 0;
		};
		EE9F5B9D1B9D38F600504355 /* Resources */ = {
			isa = PBXResourcesBuildPhase;
			buildActionMask = 2147483647;
			files = (
			);
			runOnlyForDeploymentPostprocessing = 0;
		};
/* End PBXResourcesBuildPhase section */

/* Begin PBXSourcesBuildPhase section */
		EE9F5B7F1B9D38F600504355 /* Sources */ = {
			isa = PBXSourcesBuildPhase;
			buildActionMask = 2147483647;
			files = (
				EEAD45A01B9D4807000E5EE0 /* SGSheetMenu.m in Sources */,
				EEAD45A71B9D4EC3000E5EE0 /* HandsUpController.m in Sources */,
				EEAD45631B9D47E5000E5EE0 /* INTUInterpolationFunctions.m in Sources */,
				EEAD45731B9D47F0000E5EE0 /* TmpFileStorageModel.m in Sources */,
				EE9F5B8C1B9D38F600504355 /* AppDelegate.m in Sources */,
				EEAD459E1B9D4807000E5EE0 /* SGBaseMenu.m in Sources */,
				EEAD45B01B9D6599000E5EE0 /* InfoStationController.m in Sources */,
				EEAD45641B9D47E5000E5EE0 /* INTUSpringSolver.c in Sources */,
				EEAD459D1B9D4807000E5EE0 /* SGAlertMenu.m in Sources */,
				EEAD459C1B9D4807000E5EE0 /* SGActionView.m in Sources */,
				EEAD45AA1B9D4F11000E5EE0 /* CatchUpController.m in Sources */,
				EEC9B4CE1B9E8489006806ED /* MainViewController.m in Sources */,
				EE9F5B921B9D38F600504355 /* ViewController.m in Sources */,
				EEAD45681B9D47EA000E5EE0 /* RemoteInstance.m in Sources */,
				EEAD45611B9D47E5000E5EE0 /* INTUAnimationEngine.m in Sources */,
				EEAD459F1B9D4807000E5EE0 /* SGGridMenu.m in Sources */,
				EEAD45621B9D47E5000E5EE0 /* INTUEasingFunctions.m in Sources */,
				EEAD45951B9D4807000E5EE0 /* BWStatusBarOverlay.m in Sources */,
				EEAD45B31B9D72B1000E5EE0 /* InfoSegue.m in Sources */,
				EEAD45A41B9D4B9F000E5EE0 /* HandsUpSegue.m in Sources */,
				EEAD45721B9D47F0000E5EE0 /* Reachability.m in Sources */,
				EEAD45AD1B9D5F6B000E5EE0 /* CatchUpSegue.m in Sources */,
				EE9F5B891B9D38F600504355 /* main.m in Sources */,
			);
			runOnlyForDeploymentPostprocessing = 0;
		};
		EE9F5B9B1B9D38F600504355 /* Sources */ = {
			isa = PBXSourcesBuildPhase;
			buildActionMask = 2147483647;
			files = (
				EE9F5BA61B9D38F600504355 /* handsupTests.m in Sources */,
			);
			runOnlyForDeploymentPostprocessing = 0;
		};
/* End PBXSourcesBuildPhase section */

/* Begin PBXTargetDependency section */
		EE9F5BA11B9D38F600504355 /* PBXTargetDependency */ = {
			isa = PBXTargetDependency;
			target = EE9F5B821B9D38F600504355 /* handsup */;
			targetProxy = EE9F5BA01B9D38F600504355 /* PBXContainerItemProxy */;
		};
/* End PBXTargetDependency section */

/* Begin PBXVariantGroup section */
		EE9F5B931B9D38F600504355 /* Main.storyboard */ = {
			isa = PBXVariantGroup;
			children = (
				EE9F5B941B9D38F600504355 /* Base */,
				EE9F5BB11B9D3D1800504355 /* zh-Hans */,
			);
			name = Main.storyboard;
			sourceTree = "<group>";
		};
		EE9F5B981B9D38F600504355 /* LaunchScreen.xib */ = {
			isa = PBXVariantGroup;
			children = (
				EE9F5B991B9D38F600504355 /* Base */,
				EE9F5BB21B9D3D1800504355 /* zh-Hans */,
			);
			name = LaunchScreen.xib;
			sourceTree = "<group>";
		};
		EE9F5BB71B9D3D7200504355 /* Localizable.strings */ = {
			isa = PBXVariantGroup;
			children = (
				EE9F5BB61B9D3D7200504355 /* Base */,
				EE9F5BBA1B9D3D7500504355 /* zh-Hans */,
			);
			name = Localizable.strings;
			sourceTree = "<group>";
		};
		EE9F5BBF1B9D3D9000504355 /* InfoPlist.strings */ = {
			isa = PBXVariantGroup;
			children = (
				EE9F5BBE1B9D3D9000504355 /* Base */,
				EE9F5BC01B9D3D9100504355 /* zh-Hans */,
			);
			name = InfoPlist.strings;
			sourceTree = "<group>";
		};
/* End PBXVariantGroup section */

/* Begin XCBuildConfiguration section */
		EE9F5BA71B9D38F600504355 /* Debug */ = {
			isa = XCBuildConfiguration;
			buildSettings = {
				ALWAYS_SEARCH_USER_PATHS = NO;
				CLANG_CXX_LANGUAGE_STANDARD = "gnu++0x";
				CLANG_CXX_LIBRARY = "libc++";
				CLANG_ENABLE_MODULES = YES;
				CLANG_ENABLE_OBJC_ARC = YES;
				CLANG_WARN_BOOL_CONVERSION = YES;
				CLANG_WARN_CONSTANT_CONVERSION = YES;
				CLANG_WARN_DIRECT_OBJC_ISA_USAGE = YES_ERROR;
				CLANG_WARN_EMPTY_BODY = YES;
				CLANG_WARN_ENUM_CONVERSION = YES;
				CLANG_WARN_INT_CONVERSION = YES;
				CLANG_WARN_OBJC_ROOT_CLASS = YES_ERROR;
				CLANG_WARN_UNREACHABLE_CODE = YES;
				CLANG_WARN__DUPLICATE_METHOD_MATCH = YES;
				CODE_SIGN_IDENTITY = "iPhone Developer: Yuan Yang (2X5VX27Y79)";
				"CODE_SIGN_IDENTITY[sdk=iphoneos*]" = "iPhone Developer";
				COPY_PHASE_STRIP = NO;
				DEBUG_INFORMATION_FORMAT = "dwarf-with-dsym";
				ENABLE_STRICT_OBJC_MSGSEND = YES;
				GCC_C_LANGUAGE_STANDARD = gnu99;
				GCC_DYNAMIC_NO_PIC = NO;
				GCC_NO_COMMON_BLOCKS = YES;
				GCC_OPTIMIZATION_LEVEL = 0;
				GCC_PREPROCESSOR_DEFINITIONS = (
					"DEBUG=1",
					"$(inherited)",
				);
				GCC_SYMBOLS_PRIVATE_EXTERN = NO;
				GCC_WARN_64_TO_32_BIT_CONVERSION = YES;
				GCC_WARN_ABOUT_RETURN_TYPE = YES_ERROR;
				GCC_WARN_UNDECLARED_SELECTOR = YES;
				GCC_WARN_UNINITIALIZED_AUTOS = YES_AGGRESSIVE;
				GCC_WARN_UNUSED_FUNCTION = YES;
				GCC_WARN_UNUSED_VARIABLE = YES;
				IPHONEOS_DEPLOYMENT_TARGET = 8.4;
				MTL_ENABLE_DEBUG_INFO = YES;
				ONLY_ACTIVE_ARCH = YES;
				SDKROOT = iphoneos;
				TARGETED_DEVICE_FAMILY = "1,2";
			};
			name = Debug;
		};
		EE9F5BA81B9D38F600504355 /* Release */ = {
			isa = XCBuildConfiguration;
			buildSettings = {
				ALWAYS_SEARCH_USER_PATHS = NO;
				CLANG_CXX_LANGUAGE_STANDARD = "gnu++0x";
				CLANG_CXX_LIBRARY = "libc++";
				CLANG_ENABLE_MODULES = YES;
				CLANG_ENABLE_OBJC_ARC = YES;
				CLANG_WARN_BOOL_CONVERSION = YES;
				CLANG_WARN_CONSTANT_CONVERSION = YES;
				CLANG_WARN_DIRECT_OBJC_ISA_USAGE = YES_ERROR;
				CLANG_WARN_EMPTY_BODY = YES;
				CLANG_WARN_ENUM_CONVERSION = YES;
				CLANG_WARN_INT_CONVERSION = YES;
				CLANG_WARN_OBJC_ROOT_CLASS = YES_ERROR;
				CLANG_WARN_UNREACHABLE_CODE = YES;
				CLANG_WARN__DUPLICATE_METHOD_MATCH = YES;
				CODE_SIGN_IDENTITY = "iPhone Developer: Yuan Yang (2X5VX27Y79)";
				"CODE_SIGN_IDENTITY[sdk=iphoneos*]" = "iPhone Developer";
				COPY_PHASE_STRIP = NO;
				DEBUG_INFORMATION_FORMAT = "dwarf-with-dsym";
				ENABLE_NS_ASSERTIONS = NO;
				ENABLE_STRICT_OBJC_MSGSEND = YES;
				GCC_C_LANGUAGE_STANDARD = gnu99;
				GCC_NO_COMMON_BLOCKS = YES;
				GCC_WARN_64_TO_32_BIT_CONVERSION = YES;
				GCC_WARN_ABOUT_RETURN_TYPE = YES_ERROR;
				GCC_WARN_UNDECLARED_SELECTOR = YES;
				GCC_WARN_UNINITIALIZED_AUTOS = YES_AGGRESSIVE;
				GCC_WARN_UNUSED_FUNCTION = YES;
				GCC_WARN_UNUSED_VARIABLE = YES;
				IPHONEOS_DEPLOYMENT_TARGET = 8.4;
				MTL_ENABLE_DEBUG_INFO = NO;
				SDKROOT = iphoneos;
				TARGETED_DEVICE_FAMILY = "1,2";
				VALIDATE_PRODUCT = YES;
			};
			name = Release;
		};
		EE9F5BAA1B9D38F600504355 /* Debug */ = {
			isa = XCBuildConfiguration;
			buildSettings = {
				ASSETCATALOG_COMPILER_APPICON_NAME = AppIcon;
				INFOPLIST_FILE = handsup/Info.plist;
				LD_RUNPATH_SEARCH_PATHS = "$(inherited) @executable_path/Frameworks";
				PRODUCT_NAME = "$(TARGET_NAME)";
			};
			name = Debug;
		};
		EE9F5BAB1B9D38F600504355 /* Release */ = {
			isa = XCBuildConfiguration;
			buildSettings = {
				ASSETCATALOG_COMPILER_APPICON_NAME = AppIcon;
				INFOPLIST_FILE = handsup/Info.plist;
				LD_RUNPATH_SEARCH_PATHS = "$(inherited) @executable_path/Frameworks";
				PRODUCT_NAME = "$(TARGET_NAME)";
			};
			name = Release;
		};
		EE9F5BAD1B9D38F600504355 /* Debug */ = {
			isa = XCBuildConfiguration;
			buildSettings = {
				BUNDLE_LOADER = "$(TEST_HOST)";
				FRAMEWORK_SEARCH_PATHS = (
					"$(SDKROOT)/Developer/Library/Frameworks",
					"$(inherited)",
				);
				GCC_PREPROCESSOR_DEFINITIONS = (
					"DEBUG=1",
					"$(inherited)",
				);
				INFOPLIST_FILE = handsupTests/Info.plist;
				LD_RUNPATH_SEARCH_PATHS = "$(inherited) @executable_path/Frameworks @loader_path/Frameworks";
				PRODUCT_NAME = "$(TARGET_NAME)";
				TEST_HOST = "$(BUILT_PRODUCTS_DIR)/handsup.app/handsup";
			};
			name = Debug;
		};
		EE9F5BAE1B9D38F600504355 /* Release */ = {
			isa = XCBuildConfiguration;
			buildSettings = {
				BUNDLE_LOADER = "$(TEST_HOST)";
				FRAMEWORK_SEARCH_PATHS = (
					"$(SDKROOT)/Developer/Library/Frameworks",
					"$(inherited)",
				);
				INFOPLIST_FILE = handsupTests/Info.plist;
				LD_RUNPATH_SEARCH_PATHS = "$(inherited) @executable_path/Frameworks @loader_path/Frameworks";
				PRODUCT_NAME = "$(TARGET_NAME)";
				TEST_HOST = "$(BUILT_PRODUCTS_DIR)/handsup.app/handsup";
			};
			name = Release;
		};
/* End XCBuildConfiguration section */

/* Begin XCConfigurationList section */
		EE9F5B7E1B9D38F600504355 /* Build configuration list for PBXProject "handsup" */ = {
			isa = XCConfigurationList;
			buildConfigurations = (
				EE9F5BA71B9D38F600504355 /* Debug */,
				EE9F5BA81B9D38F600504355 /* Release */,
			);
			defaultConfigurationIsVisible = 0;
			defaultConfigurationName = Release;
		};
		EE9F5BA91B9D38F600504355 /* Build configuration list for PBXNativeTarget "handsup" */ = {
			isa = XCConfigurationList;
			buildConfigurations = (
				EE9F5BAA1B9D38F600504355 /* Debug */,
				EE9F5BAB1B9D38F600504355 /* Release */,
			);
			defaultConfigurationIsVisible = 0;
			defaultConfigurationName = Release;
		};
		EE9F5BAC1B9D38F600504355 /* Build configuration list for PBXNativeTarget "handsupTests" */ = {
			isa = XCConfigurationList;
			buildConfigurations = (
				EE9F5BAD1B9D38F600504355 /* Debug */,
				EE9F5BAE1B9D38F600504355 /* Release */,
			);
			defaultConfigurationIsVisible = 0;
			defaultConfigurationName = Release;
		};
/* End XCConfigurationList section */
	};
	rootObject = EE9F5B7B1B9D38F600504355 /* Project object */;
}
